// !$*UTF8*$!
{
	archiveVersion = 1;
	classes = {
	};
	objectVersion = 46;
	objects = {

/* Begin PBXBuildFile section */
		CE199E3E1ECBF5010096B576 /* AppDelegate.m in Sources */ = {isa = PBXBuildFile; fileRef = CE199E3D1ECBF5010096B576 /* AppDelegate.m */; };
		CE199E411ECBF5010096B576 /* main.m in Sources */ = {isa = PBXBuildFile; fileRef = CE199E401ECBF5010096B576 /* main.m */; };
		CE199E441ECBF5010096B576 /* ViewController.m in Sources */ = {isa = PBXBuildFile; fileRef = CE199E431ECBF5010096B576 /* ViewController.m */; };
		CE199E461ECBF5010096B576 /* Assets.xcassets in Resources */ = {isa = PBXBuildFile; fileRef = CE199E451ECBF5010096B576 /* Assets.xcassets */; };
		CE199E491ECBF5010096B576 /* Main.storyboard in Resources */ = {isa = PBXBuildFile; fileRef = CE199E471ECBF5010096B576 /* Main.storyboard */; };
/* End PBXBuildFile section */

/* Begin PBXFileReference section */
		CE199E391ECBF5010096B576 /* CocoaTest.app */ = {isa = PBXFileReference; explicitFileType = wrapper.application; includeInIndex = 0; path = CocoaTest.app; sourceTree = BUILT_PRODUCTS_DIR; };
		CE199E3C1ECBF5010096B576 /* AppDelegate.h */ = {isa = PBXFileReference; lastKnownFileType = sourcecode.c.h; path = AppDelegate.h; sourceTree = "<group>"; };
		CE199E3D1ECBF5010096B576 /* AppDelegate.m */ = {isa = PBXFileReference; lastKnownFileType = sourcecode.c.objc; path = AppDelegate.m; sourceTree = "<group>"; };
		CE199E401ECBF5010096B576 /* main.m */ = {isa = PBXFileReference; lastKnownFileType = sourcecode.c.objc; path = main.m; sourceTree = "<group>"; };
		CE199E421ECBF5010096B576 /* ViewController.h */ = {isa = PBXFileReference; lastKnownFileType = sourcecode.c.h; path = ViewController.h; sourceTree = "<group>"; };
		CE199E431ECBF5010096B576 /* ViewController.m */ = {isa = PBXFileReference; lastKnownFileType = sourcecode.c.objc; path = ViewController.m; sourceTree = "<group>"; };
		CE199E451ECBF5010096B576 /* Assets.xcassets */ = {isa = PBXFileReference; lastKnownFileType = folder.assetcatalog; path = Assets.xcassets; sourceTree = "<group>"; };
		CE199E481ECBF5010096B576 /* Base */ = {isa = PBXFileReference; lastKnownFileType = file.storyboard; name = Base; path = Base.lproj/Main.storyboard; sourceTree = "<group>"; };
		CE199E4A1ECBF5010096B576 /* Info.plist */ = {isa = PBXFileReference; lastKnownFileType = text.plist.xml; path = Info.plist; sourceTree = "<group>"; };
/* End PBXFileReference section */

/* Begin PBXFrameworksBuildPhase section */
		CE199E361ECBF5010096B576 /* Frameworks */ = {
			isa = PBXFrameworksBuildPhase;
			buildActionMask = 2147483647;
			files = (
			);
			runOnlyForDeploymentPostprocessing = 0;
		};
/* End PBXFrameworksBuildPhase section */

/* Begin PBXGroup section */
		CE199E301ECBF5010096B576 = {
			isa = PBXGroup;
			children = (
				CE199E3B1ECBF5010096B576 /* CocoaTest */,
				CE199E3A1ECBF5010096B576 /* Products */,
			);
			sourceTree = "<group>";
		};
		CE199E3A1ECBF5010096B576 /* Products */ = {
			isa = PBXGroup;
			children = (
				CE199E391ECBF5010096B576 /* CocoaTest.app */,
			);
			name = Products;
			sourceTree = "<group>";
		};
		CE199E3B1ECBF5010096B576 /* CocoaTest */ = {
			isa = PBXGroup;
			children = (
				CE199E3C1ECBF5010096B576 /* AppDelegate.h */,
				CE199E3D1ECBF5010096B576 /* AppDelegate.m */,
				CE199E421ECBF5010096B576 /* ViewController.h */,
				CE199E431ECBF5010096B576 /* ViewController.m */,
				CE199E451ECBF5010096B576 /* Assets.xcassets */,
				CE199E471ECBF5010096B576 /* Main.storyboard */,
				CE199E4A1ECBF5010096B576 /* Info.plist */,
				CE199E3F1ECBF5010096B576 /* Supporting Files */,
			);
			path = CocoaTest;
			sourceTree = "<group>";
		};
		CE199E3F1ECBF5010096B576 /* Supporting Files */ = {
			isa = PBXGroup;
			children = (
				CE199E401ECBF5010096B576 /* main.m */,
			);
			name = "Supporting Files";
			sourceTree = "<group>";
		};
/* End PBXGroup section */

/* Begin PBXNativeTarget section */
		CE199E381ECBF5010096B576 /* CocoaTest */ = {
			isa = PBXNativeTarget;
			buildConfigurationList = CE199E4D1ECBF5010096B576 /* Build configuration list for PBXNativeTarget "CocoaTest" */;
			buildPhases = (
				CE199E351ECBF5010096B576 /* Sources */,
				CE199E361ECBF5010096B576 /* Frameworks */,
				CE199E371ECBF5010096B576 /* Resources */,
			);
			buildRules = (
			);
			dependencies = (
			);
			name = CocoaTest;
			productName = CocoaTest;
			productReference = CE199E391ECBF5010096B576 /* CocoaTest.app */;
			productType = "com.apple.product-type.application";
		};
/* End PBXNativeTarget section */

/* Begin PBXProject section */
		CE199E311ECBF5010096B576 /* Project object */ = {
			isa = PBXProject;
			attributes = {
				LastUpgradeCheck = 0830;
				ORGANIZATIONNAME = user;
				TargetAttributes = {
					CE199E381ECBF5010096B576 = {
						CreatedOnToolsVersion = 8.3.2;
						ProvisioningStyle = Automatic;
					};
				};
			};
			buildConfigurationList = CE199E341ECBF5010096B576 /* Build configuration list for PBXProject "CocoaTest" */;
			compatibilityVersion = "Xcode 3.2";
			developmentRegion = English;
			hasScannedForEncodings = 0;
			knownRegions = (
				en,
				Base,
			);
			mainGroup = CE199E301ECBF5010096B576;
			productRefGroup = CE199E3A1ECBF5010096B576 /* Products */;
			projectDirPath = "";
			projectRoot = "";
			targets = (
				CE199E381ECBF5010096B576 /* CocoaTest */,
			);
		};
/* End PBXProject section */

/* Begin PBXResourcesBuildPhase section */
		CE199E371ECBF5010096B576 /* Resources */ = {
			isa = PBXResourcesBuildPhase;
			buildActionMask = 2147483647;
			files = (
				CE199E461ECBF5010096B576 /* Assets.xcassets in Resources */,
				CE199E491ECBF5010096B576 /* Main.storyboard in Resources */,
			);
			runOnlyForDeploymentPostprocessing = 0;
		};
/* End PBXResourcesBuildPhase section */

/* Begin PBXSourcesBuildPhase section */
		CE199E351ECBF5010096B576 /* Sources */ = {
			isa = PBXSourcesBuildPhase;
			buildActionMask = 2147483647;
			files = (
				CE199E441ECBF5010096B576 /* ViewController.m in Sources */,
				CE199E411ECBF5010096B576 /* main.m in Sources */,
				CE199E3E1ECBF5010096B576 /* AppDelegate.m in Sources */,
			);
			runOnlyForDeploymentPostprocessing = 0;
		};
/* End PBXSourcesBuildPhase section */

/* Begin PBXVariantGroup section */
		CE199E471ECBF5010096B576 /* Main.storyboard */ = {
			isa = PBXVariantGroup;
			children = (
				CE199E481ECBF5010096B576 /* Base */,
			);
			name = Main.storyboard;
			sourceTree = "<group>";
		};
/* End PBXVariantGroup section */

/* Begin XCBuildConfiguration section */
		CE199E4B1ECBF5010096B576 /* Debug */ = {
			isa = XCBuildConfiguration;
			buildSettings = {
				ALWAYS_SEARCH_USER_PATHS = NO;
				CLANG_ANALYZER_NONNULL = YES;
				CLANG_ANALYZER_NUMBER_OBJECT_CONVERSION = YES_AGGRESSIVE;
				CLANG_CXX_LANGUAGE_STANDARD = "gnu++0x";
				CLANG_CXX_LIBRARY = "libc++";
				CLANG_ENABLE_MODULES = YES;
				CLANG_ENABLE_OBJC_ARC = YES;
				CLANG_WARN_BOOL_CONVERSION = YES;
				CLANG_WARN_CONSTANT_CONVERSION = YES;
				CLANG_WARN_DIRECT_OBJC_ISA_USAGE = YES_ERROR;
				CLANG_WARN_DOCUMENTATION_COMMENTS = YES;
				CLANG_WARN_EMPTY_BODY = YES;
				CLANG_WARN_ENUM_CONVERSION = YES;
				CLANG_WARN_INFINITE_RECURSION = YES;
				CLANG_WARN_INT_CONVERSION = YES;
				CLANG_WARN_OBJC_ROOT_CLASS = YES_ERROR;
				CLANG_WARN_SUSPICIOUS_MOVE = YES;
				CLANG_WARN_UNREACHABLE_CODE = YES;
				CLANG_WARN__DUPLICATE_METHOD_MATCH = YES;
				CODE_SIGN_IDENTITY = "-";
				COPY_PHASE_STRIP = NO;
				DEBUG_INFORMATION_FORMAT = dwarf;
				ENABLE_STRICT_OBJC_MSGSEND = YES;
				ENABLE_TESTABILITY = YES;
				GCC_C_LANGUAGE_STANDARD = gnu99;
				GCC_DYNAMIC_NO_PIC = NO;
				GCC_NO_COMMON_BLOCKS = YES;
				GCC_OPTIMIZATION_LEVEL = 0;
				GCC_PREPROCESSOR_DEFINITIONS = (
					"DEBUG=1",
					"$(inherited)",
				);
				GCC_WARN_64_TO_32_BIT_CONVERSION = YES;
				GCC_WARN_ABOUT_RETURN_TYPE = YES_ERROR;
				GCC_WARN_UNDECLARED_SELECTOR = YES;
				GCC_WARN_UNINITIALIZED_AUTOS = YES_AGGRESSIVE;
				GCC_WARN_UNUSED_FUNCTION = YES;
				GCC_WARN_UNUSED_VARIABLE = YES;
				MACOSX_DEPLOYMENT_TARGET = 10.12;
				MTL_ENABLE_DEBUG_INFO = YES;
				ONLY_ACTIVE_ARCH = YES;
				SDKROOT = macosx;
			};
			name = Debug;
		};
		CE199E4C1ECBF5010096B576 /* Release */ = {
			isa = XCBuildConfiguration;
			buildSettings = {
				ALWAYS_SEARCH_USER_PATHS = NO;
				CLANG_ANALYZER_NONNULL = YES;
				CLANG_ANALYZER_NUMBER_OBJECT_CONVERSION = YES_AGGRESSIVE;
				CLANG_CXX_LANGUAGE_STANDARD = "gnu++0x";
				CLANG_CXX_LIBRARY = "libc++";
				CLANG_ENABLE_MODULES = YES;
				CLANG_ENABLE_OBJC_ARC = YES;
				CLANG_WARN_BOOL_CONVERSION = YES;
				CLANG_WARN_CONSTANT_CONVERSION = YES;
				CLANG_WARN_DIRECT_OBJC_ISA_USAGE = YES_ERROR;
				CLANG_WARN_DOCUMENTATION_COMMENTS = YES;
				CLANG_WARN_EMPTY_BODY = YES;
				CLANG_WARN_ENUM_CONVERSION = YES;
				CLANG_WARN_INFINITE_RECURSION = YES;
				CLANG_WARN_INT_CONVERSION = YES;
				CLANG_WARN_OBJC_ROOT_CLASS = YES_ERROR;
				CLANG_WARN_SUSPICIOUS_MOVE = YES;
				CLANG_WARN_UNREACHABLE_CODE = YES;
				CLANG_WARN__DUPLICATE_METHOD_MATCH = YES;
				CODE_SIGN_IDENTITY = "-";
				COPY_PHASE_STRIP = NO;
				DEBUG_INFORMATION_FORMAT = "dwarf-with-dsym";
				ENABLE_NS_ASSERTIONS = NO;
				ENABLE_STRICT_OBJC_MSGSEND = YES;
				GCC_C_LANGUAGE_STANDARD = gnu99;
				GCC_NO_COMMON_BLOCKS = YES;
				GCC_WARN_64_TO_32_BIT_CONVERSION = YES;
				GCC_WARN_ABOUT_RETURN_TYPE = YES_ERROR;
				GCC_WARN_UNDECLARED_SELECTOR = YES;
				GCC_WARN_UNINITIALIZED_AUTOS = YES_AGGRESSIVE;
				GCC_WARN_UNUSED_FUNCTION = YES;
				GCC_WARN_UNUSED_VARIABLE = YES;
				MACOSX_DEPLOYMENT_TARGET = 10.12;
				MTL_ENABLE_DEBUG_INFO = NO;
				SDKROOT = macosx;
			};
			name = Release;
		};
		CE199E4E1ECBF5010096B576 /* Debug */ = {
			isa = XCBuildConfiguration;
			buildSettings = {
				ASSETCATALOG_COMPILER_APPICON_NAME = AppIcon;
				COMBINE_HIDPI_IMAGES = YES;
				INFOPLIST_FILE = CocoaTest/Info.plist;
				LD_RUNPATH_SEARCH_PATHS = "$(inherited) @executable_path/../Frameworks";
				PRODUCT_BUNDLE_IDENTIFIER = trendmicro.CocoaTest;
				PRODUCT_NAME = "$(TARGET_NAME)";
			};
			name = Debug;
		};
		CE199E4F1ECBF5010096B576 /* Release */ = {
			isa = XCBuildConfiguration;
			buildSettings = {
				ASSETCATALOG_COMPILER_APPICON_NAME = AppIcon;
				COMBINE_HIDPI_IMAGES = YES;
				INFOPLIST_FILE = CocoaTest/Info.plist;
				LD_RUNPATH_SEARCH_PATHS = "$(inherited) @executable_path/../Frameworks";
				PRODUCT_BUNDLE_IDENTIFIER = trendmicro.CocoaTest;
				PRODUCT_NAME = "$(TARGET_NAME)";
			};
			name = Release;
		};
/* End XCBuildConfiguration section */

/* Begin XCConfigurationList section */
		CE199E341ECBF5010096B576 /* Build configuration list for PBXProject "CocoaTest" */ = {
			isa = XCConfigurationList;
			buildConfigurations = (
				CE199E4B1ECBF5010096B576 /* Debug */,
				CE199E4C1ECBF5010096B576 /* Release */,
			);
			defaultConfigurationIsVisible = 0;
			defaultConfigurationName = Release;
		};
		CE199E4D1ECBF5010096B576 /* Build configuration list for PBXNativeTarget "CocoaTest" */ = {
			isa = XCConfigurationList;
			buildConfigurations = (
				CE199E4E1ECBF5010096B576 /* Debug */,
				CE199E4F1ECBF5010096B576 /* Release */,
			);
			defaultConfigurationIsVisible = 0;
		};
/* End XCConfigurationList section */
	};
	rootObject = CE199E311ECBF5010096B576 /* Project object */;
}
