// !$*UTF8*$!
{
	archiveVersion = 1;
	classes = {
	};
	objectVersion = 46;
	objects = {

/* Begin PBXBuildFile section */
		CEFEE8D91C8813B500C61E92 /* AppDelegate.m in Sources */ = {isa = PBXBuildFile; fileRef = CEFEE8D81C8813B500C61E92 /* AppDelegate.m */; };
		CEFEE8DC1C8813B500C61E92 /* main.m in Sources */ = {isa = PBXBuildFile; fileRef = CEFEE8DB1C8813B500C61E92 /* main.m */; };
		CEFEE8DE1C8813B500C61E92 /* Assets.xcassets in Resources */ = {isa = PBXBuildFile; fileRef = CEFEE8DD1C8813B500C61E92 /* Assets.xcassets */; };
		CEFEE8E11C8813B500C61E92 /* MainMenu.xib in Resources */ = {isa = PBXBuildFile; fileRef = CEFEE8DF1C8813B500C61E92 /* MainMenu.xib */; };
/* End PBXBuildFile section */

/* Begin PBXFileReference section */
		CEFEE8D41C8813B500C61E92 /* BlockLearning2.app */ = {isa = PBXFileReference; explicitFileType = wrapper.application; includeInIndex = 0; path = BlockLearning2.app; sourceTree = BUILT_PRODUCTS_DIR; };
		CEFEE8D71C8813B500C61E92 /* AppDelegate.h */ = {isa = PBXFileReference; lastKnownFileType = sourcecode.c.h; path = AppDelegate.h; sourceTree = "<group>"; };
		CEFEE8D81C8813B500C61E92 /* AppDelegate.m */ = {isa = PBXFileReference; lastKnownFileType = sourcecode.c.objc; path = AppDelegate.m; sourceTree = "<group>"; };
		CEFEE8DB1C8813B500C61E92 /* main.m */ = {isa = PBXFileReference; lastKnownFileType = sourcecode.c.objc; path = main.m; sourceTree = "<group>"; };
		CEFEE8DD1C8813B500C61E92 /* Assets.xcassets */ = {isa = PBXFileReference; lastKnownFileType = folder.assetcatalog; path = Assets.xcassets; sourceTree = "<group>"; };
		CEFEE8E01C8813B500C61E92 /* Base */ = {isa = PBXFileReference; lastKnownFileType = file.xib; name = Base; path = Base.lproj/MainMenu.xib; sourceTree = "<group>"; };
		CEFEE8E21C8813B500C61E92 /* Info.plist */ = {isa = PBXFileReference; lastKnownFileType = text.plist.xml; path = Info.plist; sourceTree = "<group>"; };
/* End PBXFileReference section */

/* Begin PBXFrameworksBuildPhase section */
		CEFEE8D11C8813B500C61E92 /* Frameworks */ = {
			isa = PBXFrameworksBuildPhase;
			buildActionMask = 2147483647;
			files = (
			);
			runOnlyForDeploymentPostprocessing = 0;
		};
/* End PBXFrameworksBuildPhase section */

/* Begin PBXGroup section */
		CEFEE8CB1C8813B500C61E92 = {
			isa = PBXGroup;
			children = (
				CEFEE8D61C8813B500C61E92 /* BlockLearning2 */,
				CEFEE8D51C8813B500C61E92 /* Products */,
			);
			sourceTree = "<group>";
		};
		CEFEE8D51C8813B500C61E92 /* Products */ = {
			isa = PBXGroup;
			children = (
				CEFEE8D41C8813B500C61E92 /* BlockLearning2.app */,
			);
			name = Products;
			sourceTree = "<group>";
		};
		CEFEE8D61C8813B500C61E92 /* BlockLearning2 */ = {
			isa = PBXGroup;
			children = (
				CEFEE8D71C8813B500C61E92 /* AppDelegate.h */,
				CEFEE8D81C8813B500C61E92 /* AppDelegate.m */,
				CEFEE8DD1C8813B500C61E92 /* Assets.xcassets */,
				CEFEE8DF1C8813B500C61E92 /* MainMenu.xib */,
				CEFEE8E21C8813B500C61E92 /* Info.plist */,
				CEFEE8DA1C8813B500C61E92 /* Supporting Files */,
			);
			path = BlockLearning2;
			sourceTree = "<group>";
		};
		CEFEE8DA1C8813B500C61E92 /* Supporting Files */ = {
			isa = PBXGroup;
			children = (
				CEFEE8DB1C8813B500C61E92 /* main.m */,
			);
			name = "Supporting Files";
			sourceTree = "<group>";
		};
/* End PBXGroup section */

/* Begin PBXNativeTarget section */
		CEFEE8D31C8813B500C61E92 /* BlockLearning2 */ = {
			isa = PBXNativeTarget;
			buildConfigurationList = CEFEE8E51C8813B500C61E92 /* Build configuration list for PBXNativeTarget "BlockLearning2" */;
			buildPhases = (
				CEFEE8D01C8813B500C61E92 /* Sources */,
				CEFEE8D11C8813B500C61E92 /* Frameworks */,
				CEFEE8D21C8813B500C61E92 /* Resources */,
			);
			buildRules = (
			);
			dependencies = (
			);
			name = BlockLearning2;
			productName = BlockLearning2;
			productReference = CEFEE8D41C8813B500C61E92 /* BlockLearning2.app */;
			productType = "com.apple.product-type.application";
		};
/* End PBXNativeTarget section */

/* Begin PBXProject section */
		CEFEE8CC1C8813B500C61E92 /* Project object */ = {
			isa = PBXProject;
			attributes = {
				LastUpgradeCheck = 0710;
				ORGANIZATIONNAME = user;
				TargetAttributes = {
					CEFEE8D31C8813B500C61E92 = {
						CreatedOnToolsVersion = 7.1;
					};
				};
			};
			buildConfigurationList = CEFEE8CF1C8813B500C61E92 /* Build configuration list for PBXProject "BlockLearning2" */;
			compatibilityVersion = "Xcode 3.2";
			developmentRegion = English;
			hasScannedForEncodings = 0;
			knownRegions = (
				en,
				Base,
			);
			mainGroup = CEFEE8CB1C8813B500C61E92;
			productRefGroup = CEFEE8D51C8813B500C61E92 /* Products */;
			projectDirPath = "";
			projectRoot = "";
			targets = (
				CEFEE8D31C8813B500C61E92 /* BlockLearning2 */,
			);
		};
/* End PBXProject section */

/* Begin PBXResourcesBuildPhase section */
		CEFEE8D21C8813B500C61E92 /* Resources */ = {
			isa = PBXResourcesBuildPhase;
			buildActionMask = 2147483647;
			files = (
				CEFEE8DE1C8813B500C61E92 /* Assets.xcassets in Resources */,
				CEFEE8E11C8813B500C61E92 /* MainMenu.xib in Resources */,
			);
			runOnlyForDeploymentPostprocessing = 0;
		};
/* End PBXResourcesBuildPhase section */

/* Begin PBXSourcesBuildPhase section */
		CEFEE8D01C8813B500C61E92 /* Sources */ = {
			isa = PBXSourcesBuildPhase;
			buildActionMask = 2147483647;
			files = (
				CEFEE8DC1C8813B500C61E92 /* main.m in Sources */,
				CEFEE8D91C8813B500C61E92 /* AppDelegate.m in Sources */,
			);
			runOnlyForDeploymentPostprocessing = 0;
		};
/* End PBXSourcesBuildPhase section */

/* Begin PBXVariantGroup section */
		CEFEE8DF1C8813B500C61E92 /* MainMenu.xib */ = {
			isa = PBXVariantGroup;
			children = (
				CEFEE8E01C8813B500C61E92 /* Base */,
			);
			name = MainMenu.xib;
			sourceTree = "<group>";
		};
/* End PBXVariantGroup section */

/* Begin XCBuildConfiguration section */
		CEFEE8E31C8813B500C61E92 /* Debug */ = {
			isa = XCBuildConfiguration;
			buildSettings = {
				ALWAYS_SEARCH_USER_PATHS = NO;
				CLANG_CXX_LANGUAGE_STANDARD = "gnu++0x";
				CLANG_CXX_LIBRARY = "libc++";
				CLANG_ENABLE_MODULES = YES;
				CLANG_ENABLE_OBJC_ARC = YES;
				CLANG_WARN_BOOL_CONVERSION = YES;
				CLANG_WARN_CONSTANT_CONVERSION = YES;
				CLANG_WARN_DIRECT_OBJC_ISA_USAGE = YES_ERROR;
				CLANG_WARN_EMPTY_BODY = YES;
				CLANG_WARN_ENUM_CONVERSION = YES;
				CLANG_WARN_INT_CONVERSION = YES;
				CLANG_WARN_OBJC_ROOT_CLASS = YES_ERROR;
				CLANG_WARN_UNREACHABLE_CODE = YES;
				CLANG_WARN__DUPLICATE_METHOD_MATCH = YES;
				CODE_SIGN_IDENTITY = "-";
				COPY_PHASE_STRIP = NO;
				DEBUG_INFORMATION_FORMAT = dwarf;
				ENABLE_STRICT_OBJC_MSGSEND = YES;
				ENABLE_TESTABILITY = YES;
				GCC_C_LANGUAGE_STANDARD = gnu99;
				GCC_DYNAMIC_NO_PIC = NO;
				GCC_NO_COMMON_BLOCKS = YES;
				GCC_OPTIMIZATION_LEVEL = 0;
				GCC_PREPROCESSOR_DEFINITIONS = (
					"DEBUG=1",
					"$(inherited)",
				);
				GCC_WARN_64_TO_32_BIT_CONVERSION = YES;
				GCC_WARN_ABOUT_RETURN_TYPE = YES_ERROR;
				GCC_WARN_UNDECLARED_SELECTOR = YES;
				GCC_WARN_UNINITIALIZED_AUTOS = YES_AGGRESSIVE;
				GCC_WARN_UNUSED_FUNCTION = YES;
				GCC_WARN_UNUSED_VARIABLE = YES;
				MACOSX_DEPLOYMENT_TARGET = 10.11;
				MTL_ENABLE_DEBUG_INFO = YES;
				ONLY_ACTIVE_ARCH = YES;
				SDKROOT = macosx;
			};
			name = Debug;
		};
		CEFEE8E41C8813B500C61E92 /* Release */ = {
			isa = XCBuildConfiguration;
			buildSettings = {
				ALWAYS_SEARCH_USER_PATHS = NO;
				CLANG_CXX_LANGUAGE_STANDARD = "gnu++0x";
				CLANG_CXX_LIBRARY = "libc++";
				CLANG_ENABLE_MODULES = YES;
				CLANG_ENABLE_OBJC_ARC = YES;
				CLANG_WARN_BOOL_CONVERSION = YES;
				CLANG_WARN_CONSTANT_CONVERSION = YES;
				CLANG_WARN_DIRECT_OBJC_ISA_USAGE = YES_ERROR;
				CLANG_WARN_EMPTY_BODY = YES;
				CLANG_WARN_ENUM_CONVERSION = YES;
				CLANG_WARN_INT_CONVERSION = YES;
				CLANG_WARN_OBJC_ROOT_CLASS = YES_ERROR;
				CLANG_WARN_UNREACHABLE_CODE = YES;
				CLANG_WARN__DUPLICATE_METHOD_MATCH = YES;
				CODE_SIGN_IDENTITY = "-";
				COPY_PHASE_STRIP = NO;
				DEBUG_INFORMATION_FORMAT = "dwarf-with-dsym";
				ENABLE_NS_ASSERTIONS = NO;
				ENABLE_STRICT_OBJC_MSGSEND = YES;
				GCC_C_LANGUAGE_STANDARD = gnu99;
				GCC_NO_COMMON_BLOCKS = YES;
				GCC_WARN_64_TO_32_BIT_CONVERSION = YES;
				GCC_WARN_ABOUT_RETURN_TYPE = YES_ERROR;
				GCC_WARN_UNDECLARED_SELECTOR = YES;
				GCC_WARN_UNINITIALIZED_AUTOS = YES_AGGRESSIVE;
				GCC_WARN_UNUSED_FUNCTION = YES;
				GCC_WARN_UNUSED_VARIABLE = YES;
				MACOSX_DEPLOYMENT_TARGET = 10.11;
				MTL_ENABLE_DEBUG_INFO = NO;
				SDKROOT = macosx;
			};
			name = Release;
		};
		CEFEE8E61C8813B500C61E92 /* Debug */ = {
			isa = XCBuildConfiguration;
			buildSettings = {
				ASSETCATALOG_COMPILER_APPICON_NAME = AppIcon;
				COMBINE_HIDPI_IMAGES = YES;
				INFOPLIST_FILE = BlockLearning2/Info.plist;
				LD_RUNPATH_SEARCH_PATHS = "$(inherited) @executable_path/../Frameworks";
				PRODUCT_BUNDLE_IDENTIFIER = a.BlockLearning2;
				PRODUCT_NAME = "$(TARGET_NAME)";
			};
			name = Debug;
		};
		CEFEE8E71C8813B500C61E92 /* Release */ = {
			isa = XCBuildConfiguration;
			buildSettings = {
				ASSETCATALOG_COMPILER_APPICON_NAME = AppIcon;
				COMBINE_HIDPI_IMAGES = YES;
				INFOPLIST_FILE = BlockLearning2/Info.plist;
				LD_RUNPATH_SEARCH_PATHS = "$(inherited) @executable_path/../Frameworks";
				PRODUCT_BUNDLE_IDENTIFIER = a.BlockLearning2;
				PRODUCT_NAME = "$(TARGET_NAME)";
			};
			name = Release;
		};
/* End XCBuildConfiguration section */

/* Begin XCConfigurationList section */
		CEFEE8CF1C8813B500C61E92 /* Build configuration list for PBXProject "BlockLearning2" */ = {
			isa = XCConfigurationList;
			buildConfigurations = (
				CEFEE8E31C8813B500C61E92 /* Debug */,
				CEFEE8E41C8813B500C61E92 /* Release */,
			);
			defaultConfigurationIsVisible = 0;
			defaultConfigurationName = Release;
		};
		CEFEE8E51C8813B500C61E92 /* Build configuration list for PBXNativeTarget "BlockLearning2" */ = {
			isa = XCConfigurationList;
			buildConfigurations = (
				CEFEE8E61C8813B500C61E92 /* Debug */,
				CEFEE8E71C8813B500C61E92 /* Release */,
			);
			defaultConfigurationIsVisible = 0;
		};
/* End XCConfigurationList section */
	};
	rootObject = CEFEE8CC1C8813B500C61E92 /* Project object */;
}
