// !$*UTF8*$!
{
	archiveVersion = 1;
	classes = {
	};
	objectVersion = 46;
	objects = {

/* Begin PBXBuildFile section */
		CE0EAE541EF91E7B00DDA0F0 /* AppDelegate.m in Sources */ = {isa = PBXBuildFile; fileRef = CE0EAE531EF91E7B00DDA0F0 /* AppDelegate.m */; };
		CE0EAE571EF91E7B00DDA0F0 /* main.m in Sources */ = {isa = PBXBuildFile; fileRef = CE0EAE561EF91E7B00DDA0F0 /* main.m */; };
		CE0EAE5A1EF91E7B00DDA0F0 /* ViewController.m in Sources */ = {isa = PBXBuildFile; fileRef = CE0EAE591EF91E7B00DDA0F0 /* ViewController.m */; };
		CE0EAE5C1EF91E7B00DDA0F0 /* Assets.xcassets in Resources */ = {isa = PBXBuildFile; fileRef = CE0EAE5B1EF91E7B00DDA0F0 /* Assets.xcassets */; };
		CE0EAE5F1EF91E7B00DDA0F0 /* Main.storyboard in Resources */ = {isa = PBXBuildFile; fileRef = CE0EAE5D1EF91E7B00DDA0F0 /* Main.storyboard */; };
		CE1FF2121EFBC25100F0BABB /* FirstView.m in Sources */ = {isa = PBXBuildFile; fileRef = CE1FF2111EFBC25100F0BABB /* FirstView.m */; };
		CE1FF2151EFBC27100F0BABB /* SecondView.m in Sources */ = {isa = PBXBuildFile; fileRef = CE1FF2141EFBC27100F0BABB /* SecondView.m */; };
		CE1FF2181EFBC28000F0BABB /* ThirdView.m in Sources */ = {isa = PBXBuildFile; fileRef = CE1FF2171EFBC28000F0BABB /* ThirdView.m */; };
/* End PBXBuildFile section */

/* Begin PBXFileReference section */
		CE0EAE4F1EF91E7B00DDA0F0 /* CocoaTest.app */ = {isa = PBXFileReference; explicitFileType = wrapper.application; includeInIndex = 0; path = CocoaTest.app; sourceTree = BUILT_PRODUCTS_DIR; };
		CE0EAE521EF91E7B00DDA0F0 /* AppDelegate.h */ = {isa = PBXFileReference; lastKnownFileType = sourcecode.c.h; path = AppDelegate.h; sourceTree = "<group>"; };
		CE0EAE531EF91E7B00DDA0F0 /* AppDelegate.m */ = {isa = PBXFileReference; lastKnownFileType = sourcecode.c.objc; path = AppDelegate.m; sourceTree = "<group>"; };
		CE0EAE561EF91E7B00DDA0F0 /* main.m */ = {isa = PBXFileReference; lastKnownFileType = sourcecode.c.objc; path = main.m; sourceTree = "<group>"; };
		CE0EAE581EF91E7B00DDA0F0 /* ViewController.h */ = {isa = PBXFileReference; lastKnownFileType = sourcecode.c.h; path = ViewController.h; sourceTree = "<group>"; };
		CE0EAE591EF91E7B00DDA0F0 /* ViewController.m */ = {isa = PBXFileReference; lastKnownFileType = sourcecode.c.objc; path = ViewController.m; sourceTree = "<group>"; };
		CE0EAE5B1EF91E7B00DDA0F0 /* Assets.xcassets */ = {isa = PBXFileReference; lastKnownFileType = folder.assetcatalog; path = Assets.xcassets; sourceTree = "<group>"; };
		CE0EAE5E1EF91E7B00DDA0F0 /* Base */ = {isa = PBXFileReference; lastKnownFileType = file.storyboard; name = Base; path = Base.lproj/Main.storyboard; sourceTree = "<group>"; };
		CE0EAE601EF91E7B00DDA0F0 /* Info.plist */ = {isa = PBXFileReference; lastKnownFileType = text.plist.xml; path = Info.plist; sourceTree = "<group>"; };
		CE0EAE661EFA668000DDA0F0 /* CocoaTest.entitlements */ = {isa = PBXFileReference; lastKnownFileType = text.plist.entitlements; path = CocoaTest.entitlements; sourceTree = "<group>"; };
		CE1FF2101EFBC25100F0BABB /* FirstView.h */ = {isa = PBXFileReference; fileEncoding = 4; lastKnownFileType = sourcecode.c.h; path = FirstView.h; sourceTree = "<group>"; };
		CE1FF2111EFBC25100F0BABB /* FirstView.m */ = {isa = PBXFileReference; fileEncoding = 4; lastKnownFileType = sourcecode.c.objc; path = FirstView.m; sourceTree = "<group>"; };
		CE1FF2131EFBC27100F0BABB /* SecondView.h */ = {isa = PBXFileReference; fileEncoding = 4; lastKnownFileType = sourcecode.c.h; path = SecondView.h; sourceTree = "<group>"; };
		CE1FF2141EFBC27100F0BABB /* SecondView.m */ = {isa = PBXFileReference; fileEncoding = 4; lastKnownFileType = sourcecode.c.objc; path = SecondView.m; sourceTree = "<group>"; };
		CE1FF2161EFBC28000F0BABB /* ThirdView.h */ = {isa = PBXFileReference; fileEncoding = 4; lastKnownFileType = sourcecode.c.h; path = ThirdView.h; sourceTree = "<group>"; };
		CE1FF2171EFBC28000F0BABB /* ThirdView.m */ = {isa = PBXFileReference; fileEncoding = 4; lastKnownFileType = sourcecode.c.objc; path = ThirdView.m; sourceTree = "<group>"; };
/* End PBXFileReference section */

/* Begin PBXFrameworksBuildPhase section */
		CE0EAE4C1EF91E7B00DDA0F0 /* Frameworks */ = {
			isa = PBXFrameworksBuildPhase;
			buildActionMask = 2147483647;
			files = (
			);
			runOnlyForDeploymentPostprocessing = 0;
		};
/* End PBXFrameworksBuildPhase section */

/* Begin PBXGroup section */
		CE0EAE461EF91E7A00DDA0F0 = {
			isa = PBXGroup;
			children = (
				CE0EAE511EF91E7B00DDA0F0 /* CocoaTest */,
				CE0EAE501EF91E7B00DDA0F0 /* Products */,
			);
			sourceTree = "<group>";
		};
		CE0EAE501EF91E7B00DDA0F0 /* Products */ = {
			isa = PBXGroup;
			children = (
				CE0EAE4F1EF91E7B00DDA0F0 /* CocoaTest.app */,
			);
			name = Products;
			sourceTree = "<group>";
		};
		CE0EAE511EF91E7B00DDA0F0 /* CocoaTest */ = {
			isa = PBXGroup;
			children = (
				CE0EAE661EFA668000DDA0F0 /* CocoaTest.entitlements */,
				CE0EAE521EF91E7B00DDA0F0 /* AppDelegate.h */,
				CE0EAE531EF91E7B00DDA0F0 /* AppDelegate.m */,
				CE0EAE581EF91E7B00DDA0F0 /* ViewController.h */,
				CE0EAE591EF91E7B00DDA0F0 /* ViewController.m */,
				CE1FF2101EFBC25100F0BABB /* FirstView.h */,
				CE1FF2111EFBC25100F0BABB /* FirstView.m */,
				CE1FF2131EFBC27100F0BABB /* SecondView.h */,
				CE1FF2141EFBC27100F0BABB /* SecondView.m */,
				CE1FF2161EFBC28000F0BABB /* ThirdView.h */,
				CE1FF2171EFBC28000F0BABB /* ThirdView.m */,
				CE0EAE5B1EF91E7B00DDA0F0 /* Assets.xcassets */,
				CE0EAE5D1EF91E7B00DDA0F0 /* Main.storyboard */,
				CE0EAE601EF91E7B00DDA0F0 /* Info.plist */,
				CE0EAE551EF91E7B00DDA0F0 /* Supporting Files */,
			);
			path = CocoaTest;
			sourceTree = "<group>";
		};
		CE0EAE551EF91E7B00DDA0F0 /* Supporting Files */ = {
			isa = PBXGroup;
			children = (
				CE0EAE561EF91E7B00DDA0F0 /* main.m */,
			);
			name = "Supporting Files";
			sourceTree = "<group>";
		};
/* End PBXGroup section */

/* Begin PBXNativeTarget section */
		CE0EAE4E1EF91E7B00DDA0F0 /* CocoaTest */ = {
			isa = PBXNativeTarget;
			buildConfigurationList = CE0EAE631EF91E7B00DDA0F0 /* Build configuration list for PBXNativeTarget "CocoaTest" */;
			buildPhases = (
				CE0EAE4B1EF91E7B00DDA0F0 /* Sources */,
				CE0EAE4C1EF91E7B00DDA0F0 /* Frameworks */,
				CE0EAE4D1EF91E7B00DDA0F0 /* Resources */,
			);
			buildRules = (
			);
			dependencies = (
			);
			name = CocoaTest;
			productName = CocoaTest;
			productReference = CE0EAE4F1EF91E7B00DDA0F0 /* CocoaTest.app */;
			productType = "com.apple.product-type.application";
		};
/* End PBXNativeTarget section */

/* Begin PBXProject section */
		CE0EAE471EF91E7A00DDA0F0 /* Project object */ = {
			isa = PBXProject;
			attributes = {
				LastUpgradeCheck = 0830;
				ORGANIZATIONNAME = user;
				TargetAttributes = {
					CE0EAE4E1EF91E7B00DDA0F0 = {
						CreatedOnToolsVersion = 8.3.2;
						ProvisioningStyle = Automatic;
						SystemCapabilities = {
							com.apple.Sandbox = {
								enabled = 1;
							};
						};
					};
				};
			};
			buildConfigurationList = CE0EAE4A1EF91E7A00DDA0F0 /* Build configuration list for PBXProject "CocoaTest" */;
			compatibilityVersion = "Xcode 3.2";
			developmentRegion = English;
			hasScannedForEncodings = 0;
			knownRegions = (
				en,
				Base,
			);
			mainGroup = CE0EAE461EF91E7A00DDA0F0;
			productRefGroup = CE0EAE501EF91E7B00DDA0F0 /* Products */;
			projectDirPath = "";
			projectRoot = "";
			targets = (
				CE0EAE4E1EF91E7B00DDA0F0 /* CocoaTest */,
			);
		};
/* End PBXProject section */

/* Begin PBXResourcesBuildPhase section */
		CE0EAE4D1EF91E7B00DDA0F0 /* Resources */ = {
			isa = PBXResourcesBuildPhase;
			buildActionMask = 2147483647;
			files = (
				CE0EAE5C1EF91E7B00DDA0F0 /* Assets.xcassets in Resources */,
				CE0EAE5F1EF91E7B00DDA0F0 /* Main.storyboard in Resources */,
			);
			runOnlyForDeploymentPostprocessing = 0;
		};
/* End PBXResourcesBuildPhase section */

/* Begin PBXSourcesBuildPhase section */
		CE0EAE4B1EF91E7B00DDA0F0 /* Sources */ = {
			isa = PBXSourcesBuildPhase;
			buildActionMask = 2147483647;
			files = (
				CE0EAE5A1EF91E7B00DDA0F0 /* ViewController.m in Sources */,
				CE1FF2121EFBC25100F0BABB /* FirstView.m in Sources */,
				CE0EAE571EF91E7B00DDA0F0 /* main.m in Sources */,
				CE1FF2151EFBC27100F0BABB /* SecondView.m in Sources */,
				CE1FF2181EFBC28000F0BABB /* ThirdView.m in Sources */,
				CE0EAE541EF91E7B00DDA0F0 /* AppDelegate.m in Sources */,
			);
			runOnlyForDeploymentPostprocessing = 0;
		};
/* End PBXSourcesBuildPhase section */

/* Begin PBXVariantGroup section */
		CE0EAE5D1EF91E7B00DDA0F0 /* Main.storyboard */ = {
			isa = PBXVariantGroup;
			children = (
				CE0EAE5E1EF91E7B00DDA0F0 /* Base */,
			);
			name = Main.storyboard;
			sourceTree = "<group>";
		};
/* End PBXVariantGroup section */

/* Begin XCBuildConfiguration section */
		CE0EAE611EF91E7B00DDA0F0 /* Debug */ = {
			isa = XCBuildConfiguration;
			buildSettings = {
				ALWAYS_SEARCH_USER_PATHS = NO;
				CLANG_ANALYZER_NONNULL = YES;
				CLANG_ANALYZER_NUMBER_OBJECT_CONVERSION = YES_AGGRESSIVE;
				CLANG_CXX_LANGUAGE_STANDARD = "gnu++0x";
				CLANG_CXX_LIBRARY = "libc++";
				CLANG_ENABLE_MODULES = YES;
				CLANG_ENABLE_OBJC_ARC = YES;
				CLANG_WARN_BOOL_CONVERSION = YES;
				CLANG_WARN_CONSTANT_CONVERSION = YES;
				CLANG_WARN_DIRECT_OBJC_ISA_USAGE = YES_ERROR;
				CLANG_WARN_DOCUMENTATION_COMMENTS = YES;
				CLANG_WARN_EMPTY_BODY = YES;
				CLANG_WARN_ENUM_CONVERSION = YES;
				CLANG_WARN_INFINITE_RECURSION = YES;
				CLANG_WARN_INT_CONVERSION = YES;
				CLANG_WARN_OBJC_ROOT_CLASS = YES_ERROR;
				CLANG_WARN_SUSPICIOUS_MOVE = YES;
				CLANG_WARN_UNREACHABLE_CODE = YES;
				CLANG_WARN__DUPLICATE_METHOD_MATCH = YES;
				CODE_SIGN_IDENTITY = "-";
				COPY_PHASE_STRIP = NO;
				DEBUG_INFORMATION_FORMAT = dwarf;
				ENABLE_STRICT_OBJC_MSGSEND = YES;
				ENABLE_TESTABILITY = YES;
				GCC_C_LANGUAGE_STANDARD = gnu99;
				GCC_DYNAMIC_NO_PIC = NO;
				GCC_NO_COMMON_BLOCKS = YES;
				GCC_OPTIMIZATION_LEVEL = 0;
				GCC_PREPROCESSOR_DEFINITIONS = (
					"DEBUG=1",
					"$(inherited)",
				);
				GCC_WARN_64_TO_32_BIT_CONVERSION = YES;
				GCC_WARN_ABOUT_RETURN_TYPE = YES_ERROR;
				GCC_WARN_UNDECLARED_SELECTOR = YES;
				GCC_WARN_UNINITIALIZED_AUTOS = YES_AGGRESSIVE;
				GCC_WARN_UNUSED_FUNCTION = YES;
				GCC_WARN_UNUSED_VARIABLE = YES;
				MACOSX_DEPLOYMENT_TARGET = 10.12;
				MTL_ENABLE_DEBUG_INFO = YES;
				ONLY_ACTIVE_ARCH = YES;
				SDKROOT = macosx;
			};
			name = Debug;
		};
		CE0EAE621EF91E7B00DDA0F0 /* Release */ = {
			isa = XCBuildConfiguration;
			buildSettings = {
				ALWAYS_SEARCH_USER_PATHS = NO;
				CLANG_ANALYZER_NONNULL = YES;
				CLANG_ANALYZER_NUMBER_OBJECT_CONVERSION = YES_AGGRESSIVE;
				CLANG_CXX_LANGUAGE_STANDARD = "gnu++0x";
				CLANG_CXX_LIBRARY = "libc++";
				CLANG_ENABLE_MODULES = YES;
				CLANG_ENABLE_OBJC_ARC = YES;
				CLANG_WARN_BOOL_CONVERSION = YES;
				CLANG_WARN_CONSTANT_CONVERSION = YES;
				CLANG_WARN_DIRECT_OBJC_ISA_USAGE = YES_ERROR;
				CLANG_WARN_DOCUMENTATION_COMMENTS = YES;
				CLANG_WARN_EMPTY_BODY = YES;
				CLANG_WARN_ENUM_CONVERSION = YES;
				CLANG_WARN_INFINITE_RECURSION = YES;
				CLANG_WARN_INT_CONVERSION = YES;
				CLANG_WARN_OBJC_ROOT_CLASS = YES_ERROR;
				CLANG_WARN_SUSPICIOUS_MOVE = YES;
				CLANG_WARN_UNREACHABLE_CODE = YES;
				CLANG_WARN__DUPLICATE_METHOD_MATCH = YES;
				CODE_SIGN_IDENTITY = "-";
				COPY_PHASE_STRIP = NO;
				DEBUG_INFORMATION_FORMAT = "dwarf-with-dsym";
				ENABLE_NS_ASSERTIONS = NO;
				ENABLE_STRICT_OBJC_MSGSEND = YES;
				GCC_C_LANGUAGE_STANDARD = gnu99;
				GCC_NO_COMMON_BLOCKS = YES;
				GCC_WARN_64_TO_32_BIT_CONVERSION = YES;
				GCC_WARN_ABOUT_RETURN_TYPE = YES_ERROR;
				GCC_WARN_UNDECLARED_SELECTOR = YES;
				GCC_WARN_UNINITIALIZED_AUTOS = YES_AGGRESSIVE;
				GCC_WARN_UNUSED_FUNCTION = YES;
				GCC_WARN_UNUSED_VARIABLE = YES;
				MACOSX_DEPLOYMENT_TARGET = 10.12;
				MTL_ENABLE_DEBUG_INFO = NO;
				SDKROOT = macosx;
			};
			name = Release;
		};
		CE0EAE641EF91E7B00DDA0F0 /* Debug */ = {
			isa = XCBuildConfiguration;
			buildSettings = {
				ASSETCATALOG_COMPILER_APPICON_NAME = AppIcon;
				CODE_SIGN_ENTITLEMENTS = CocoaTest/CocoaTest.entitlements;
				COMBINE_HIDPI_IMAGES = YES;
				INFOPLIST_FILE = CocoaTest/Info.plist;
				LD_RUNPATH_SEARCH_PATHS = "$(inherited) @executable_path/../Frameworks";
				PRODUCT_BUNDLE_IDENTIFIER = trendmicro.CocoaTest;
				PRODUCT_NAME = "$(TARGET_NAME)";
			};
			name = Debug;
		};
		CE0EAE651EF91E7B00DDA0F0 /* Release */ = {
			isa = XCBuildConfiguration;
			buildSettings = {
				ASSETCATALOG_COMPILER_APPICON_NAME = AppIcon;
				CODE_SIGN_ENTITLEMENTS = CocoaTest/CocoaTest.entitlements;
				COMBINE_HIDPI_IMAGES = YES;
				INFOPLIST_FILE = CocoaTest/Info.plist;
				LD_RUNPATH_SEARCH_PATHS = "$(inherited) @executable_path/../Frameworks";
				PRODUCT_BUNDLE_IDENTIFIER = trendmicro.CocoaTest;
				PRODUCT_NAME = "$(TARGET_NAME)";
			};
			name = Release;
		};
/* End XCBuildConfiguration section */

/* Begin XCConfigurationList section */
		CE0EAE4A1EF91E7A00DDA0F0 /* Build configuration list for PBXProject "CocoaTest" */ = {
			isa = XCConfigurationList;
			buildConfigurations = (
				CE0EAE611EF91E7B00DDA0F0 /* Debug */,
				CE0EAE621EF91E7B00DDA0F0 /* Release */,
			);
			defaultConfigurationIsVisible = 0;
			defaultConfigurationName = Release;
		};
		CE0EAE631EF91E7B00DDA0F0 /* Build configuration list for PBXNativeTarget "CocoaTest" */ = {
			isa = XCConfigurationList;
			buildConfigurations = (
				CE0EAE641EF91E7B00DDA0F0 /* Debug */,
				CE0EAE651EF91E7B00DDA0F0 /* Release */,
			);
			defaultConfigurationIsVisible = 0;
			defaultConfigurationName = Release;
		};
/* End XCConfigurationList section */
	};
	rootObject = CE0EAE471EF91E7A00DDA0F0 /* Project object */;
}
