// !$*UTF8*$!
{
	archiveVersion = 1;
	classes = {
	};
	objectVersion = 46;
	objects = {

/* Begin PBXBuildFile section */
		CE3A27901B8EB9CF003DB017 /* AppDelegate.m in Sources */ = {isa = PBXBuildFile; fileRef = CE3A278F1B8EB9CF003DB017 /* AppDelegate.m */; };
		CE3A27921B8EB9CF003DB017 /* main.m in Sources */ = {isa = PBXBuildFile; fileRef = CE3A27911B8EB9CF003DB017 /* main.m */; };
		CE3A27941B8EB9CF003DB017 /* Images.xcassets in Resources */ = {isa = PBXBuildFile; fileRef = CE3A27931B8EB9CF003DB017 /* Images.xcassets */; };
		CE3A27971B8EB9CF003DB017 /* MainMenu.xib in Resources */ = {isa = PBXBuildFile; fileRef = CE3A27951B8EB9CF003DB017 /* MainMenu.xib */; };
		CE3A27A31B8EB9CF003DB017 /* LoginHelperTests.m in Sources */ = {isa = PBXBuildFile; fileRef = CE3A27A21B8EB9CF003DB017 /* LoginHelperTests.m */; };
/* End PBXBuildFile section */

/* Begin PBXContainerItemProxy section */
		CE3A279D1B8EB9CF003DB017 /* PBXContainerItemProxy */ = {
			isa = PBXContainerItemProxy;
			containerPortal = CE3A27811B8EB9CF003DB017 /* Project object */;
			proxyType = 1;
			remoteGlobalIDString = CE3A27881B8EB9CF003DB017;
			remoteInfo = LoginHelper;
		};
/* End PBXContainerItemProxy section */

/* Begin PBXFileReference section */
		CE3A27891B8EB9CF003DB017 /* LoginHelper.app */ = {isa = PBXFileReference; explicitFileType = wrapper.application; includeInIndex = 0; path = LoginHelper.app; sourceTree = BUILT_PRODUCTS_DIR; };
		CE3A278D1B8EB9CF003DB017 /* Info.plist */ = {isa = PBXFileReference; lastKnownFileType = text.plist.xml; path = Info.plist; sourceTree = "<group>"; };
		CE3A278E1B8EB9CF003DB017 /* AppDelegate.h */ = {isa = PBXFileReference; lastKnownFileType = sourcecode.c.h; path = AppDelegate.h; sourceTree = "<group>"; };
		CE3A278F1B8EB9CF003DB017 /* AppDelegate.m */ = {isa = PBXFileReference; lastKnownFileType = sourcecode.c.objc; path = AppDelegate.m; sourceTree = "<group>"; };
		CE3A27911B8EB9CF003DB017 /* main.m */ = {isa = PBXFileReference; lastKnownFileType = sourcecode.c.objc; path = main.m; sourceTree = "<group>"; };
		CE3A27931B8EB9CF003DB017 /* Images.xcassets */ = {isa = PBXFileReference; lastKnownFileType = folder.assetcatalog; path = Images.xcassets; sourceTree = "<group>"; };
		CE3A27961B8EB9CF003DB017 /* Base */ = {isa = PBXFileReference; lastKnownFileType = file.xib; name = Base; path = Base.lproj/MainMenu.xib; sourceTree = "<group>"; };
		CE3A279C1B8EB9CF003DB017 /* LoginHelperTests.xctest */ = {isa = PBXFileReference; explicitFileType = wrapper.cfbundle; includeInIndex = 0; path = LoginHelperTests.xctest; sourceTree = BUILT_PRODUCTS_DIR; };
		CE3A27A11B8EB9CF003DB017 /* Info.plist */ = {isa = PBXFileReference; lastKnownFileType = text.plist.xml; path = Info.plist; sourceTree = "<group>"; };
		CE3A27A21B8EB9CF003DB017 /* LoginHelperTests.m */ = {isa = PBXFileReference; lastKnownFileType = sourcecode.c.objc; path = LoginHelperTests.m; sourceTree = "<group>"; };
		CE3A27D31B90560F003DB017 /* LoginHelper.entitlements */ = {isa = PBXFileReference; lastKnownFileType = text.xml; path = LoginHelper.entitlements; sourceTree = "<group>"; };
/* End PBXFileReference section */

/* Begin PBXFrameworksBuildPhase section */
		CE3A27861B8EB9CF003DB017 /* Frameworks */ = {
			isa = PBXFrameworksBuildPhase;
			buildActionMask = 2147483647;
			files = (
			);
			runOnlyForDeploymentPostprocessing = 0;
		};
		CE3A27991B8EB9CF003DB017 /* Frameworks */ = {
			isa = PBXFrameworksBuildPhase;
			buildActionMask = 2147483647;
			files = (
			);
			runOnlyForDeploymentPostprocessing = 0;
		};
/* End PBXFrameworksBuildPhase section */

/* Begin PBXGroup section */
		CE3A27801B8EB9CF003DB017 = {
			isa = PBXGroup;
			children = (
				CE3A278B1B8EB9CF003DB017 /* LoginHelper */,
				CE3A279F1B8EB9CF003DB017 /* LoginHelperTests */,
				CE3A278A1B8EB9CF003DB017 /* Products */,
			);
			sourceTree = "<group>";
		};
		CE3A278A1B8EB9CF003DB017 /* Products */ = {
			isa = PBXGroup;
			children = (
				CE3A27891B8EB9CF003DB017 /* LoginHelper.app */,
				CE3A279C1B8EB9CF003DB017 /* LoginHelperTests.xctest */,
			);
			name = Products;
			sourceTree = "<group>";
		};
		CE3A278B1B8EB9CF003DB017 /* LoginHelper */ = {
			isa = PBXGroup;
			children = (
				CE3A27D31B90560F003DB017 /* LoginHelper.entitlements */,
				CE3A278E1B8EB9CF003DB017 /* AppDelegate.h */,
				CE3A278F1B8EB9CF003DB017 /* AppDelegate.m */,
				CE3A27931B8EB9CF003DB017 /* Images.xcassets */,
				CE3A27951B8EB9CF003DB017 /* MainMenu.xib */,
				CE3A278C1B8EB9CF003DB017 /* Supporting Files */,
			);
			path = LoginHelper;
			sourceTree = "<group>";
		};
		CE3A278C1B8EB9CF003DB017 /* Supporting Files */ = {
			isa = PBXGroup;
			children = (
				CE3A278D1B8EB9CF003DB017 /* Info.plist */,
				CE3A27911B8EB9CF003DB017 /* main.m */,
			);
			name = "Supporting Files";
			sourceTree = "<group>";
		};
		CE3A279F1B8EB9CF003DB017 /* LoginHelperTests */ = {
			isa = PBXGroup;
			children = (
				CE3A27A21B8EB9CF003DB017 /* LoginHelperTests.m */,
				CE3A27A01B8EB9CF003DB017 /* Supporting Files */,
			);
			path = LoginHelperTests;
			sourceTree = "<group>";
		};
		CE3A27A01B8EB9CF003DB017 /* Supporting Files */ = {
			isa = PBXGroup;
			children = (
				CE3A27A11B8EB9CF003DB017 /* Info.plist */,
			);
			name = "Supporting Files";
			sourceTree = "<group>";
		};
/* End PBXGroup section */

/* Begin PBXNativeTarget section */
		CE3A27881B8EB9CF003DB017 /* LoginHelper */ = {
			isa = PBXNativeTarget;
			buildConfigurationList = CE3A27A61B8EB9CF003DB017 /* Build configuration list for PBXNativeTarget "LoginHelper" */;
			buildPhases = (
				CE3A27851B8EB9CF003DB017 /* Sources */,
				CE3A27861B8EB9CF003DB017 /* Frameworks */,
				CE3A27871B8EB9CF003DB017 /* Resources */,
			);
			buildRules = (
			);
			dependencies = (
			);
			name = LoginHelper;
			productName = LoginHelper;
			productReference = CE3A27891B8EB9CF003DB017 /* LoginHelper.app */;
			productType = "com.apple.product-type.application";
		};
		CE3A279B1B8EB9CF003DB017 /* LoginHelperTests */ = {
			isa = PBXNativeTarget;
			buildConfigurationList = CE3A27A91B8EB9CF003DB017 /* Build configuration list for PBXNativeTarget "LoginHelperTests" */;
			buildPhases = (
				CE3A27981B8EB9CF003DB017 /* Sources */,
				CE3A27991B8EB9CF003DB017 /* Frameworks */,
				CE3A279A1B8EB9CF003DB017 /* Resources */,
			);
			buildRules = (
			);
			dependencies = (
				CE3A279E1B8EB9CF003DB017 /* PBXTargetDependency */,
			);
			name = LoginHelperTests;
			productName = LoginHelperTests;
			productReference = CE3A279C1B8EB9CF003DB017 /* LoginHelperTests.xctest */;
			productType = "com.apple.product-type.bundle.unit-test";
		};
/* End PBXNativeTarget section */

/* Begin PBXProject section */
		CE3A27811B8EB9CF003DB017 /* Project object */ = {
			isa = PBXProject;
			attributes = {
				LastUpgradeCheck = 0640;
				ORGANIZATIONNAME = user;
				TargetAttributes = {
					CE3A27881B8EB9CF003DB017 = {
						CreatedOnToolsVersion = 6.4;
						SystemCapabilities = {
							com.apple.Sandbox = {
								enabled = 0;
							};
						};
					};
					CE3A279B1B8EB9CF003DB017 = {
						CreatedOnToolsVersion = 6.4;
						TestTargetID = CE3A27881B8EB9CF003DB017;
					};
				};
			};
			buildConfigurationList = CE3A27841B8EB9CF003DB017 /* Build configuration list for PBXProject "LoginHelper" */;
			compatibilityVersion = "Xcode 3.2";
			developmentRegion = English;
			hasScannedForEncodings = 0;
			knownRegions = (
				en,
				Base,
			);
			mainGroup = CE3A27801B8EB9CF003DB017;
			productRefGroup = CE3A278A1B8EB9CF003DB017 /* Products */;
			projectDirPath = "";
			projectRoot = "";
			targets = (
				CE3A27881B8EB9CF003DB017 /* LoginHelper */,
				CE3A279B1B8EB9CF003DB017 /* LoginHelperTests */,
			);
		};
/* End PBXProject section */

/* Begin PBXResourcesBuildPhase section */
		CE3A27871B8EB9CF003DB017 /* Resources */ = {
			isa = PBXResourcesBuildPhase;
			buildActionMask = 2147483647;
			files = (
				CE3A27941B8EB9CF003DB017 /* Images.xcassets in Resources */,
				CE3A27971B8EB9CF003DB017 /* MainMenu.xib in Resources */,
			);
			runOnlyForDeploymentPostprocessing = 0;
		};
		CE3A279A1B8EB9CF003DB017 /* Resources */ = {
			isa = PBXResourcesBuildPhase;
			buildActionMask = 2147483647;
			files = (
			);
			runOnlyForDeploymentPostprocessing = 0;
		};
/* End PBXResourcesBuildPhase section */

/* Begin PBXSourcesBuildPhase section */
		CE3A27851B8EB9CF003DB017 /* Sources */ = {
			isa = PBXSourcesBuildPhase;
			buildActionMask = 2147483647;
			files = (
				CE3A27921B8EB9CF003DB017 /* main.m in Sources */,
				CE3A27901B8EB9CF003DB017 /* AppDelegate.m in Sources */,
			);
			runOnlyForDeploymentPostprocessing = 0;
		};
		CE3A27981B8EB9CF003DB017 /* Sources */ = {
			isa = PBXSourcesBuildPhase;
			buildActionMask = 2147483647;
			files = (
				CE3A27A31B8EB9CF003DB017 /* LoginHelperTests.m in Sources */,
			);
			runOnlyForDeploymentPostprocessing = 0;
		};
/* End PBXSourcesBuildPhase section */

/* Begin PBXTargetDependency section */
		CE3A279E1B8EB9CF003DB017 /* PBXTargetDependency */ = {
			isa = PBXTargetDependency;
			target = CE3A27881B8EB9CF003DB017 /* LoginHelper */;
			targetProxy = CE3A279D1B8EB9CF003DB017 /* PBXContainerItemProxy */;
		};
/* End PBXTargetDependency section */

/* Begin PBXVariantGroup section */
		CE3A27951B8EB9CF003DB017 /* MainMenu.xib */ = {
			isa = PBXVariantGroup;
			children = (
				CE3A27961B8EB9CF003DB017 /* Base */,
			);
			name = MainMenu.xib;
			sourceTree = "<group>";
		};
/* End PBXVariantGroup section */

/* Begin XCBuildConfiguration section */
		CE3A27A41B8EB9CF003DB017 /* Debug */ = {
			isa = XCBuildConfiguration;
			buildSettings = {
				ALWAYS_SEARCH_USER_PATHS = NO;
				CLANG_CXX_LANGUAGE_STANDARD = "gnu++0x";
				CLANG_CXX_LIBRARY = "libc++";
				CLANG_ENABLE_MODULES = YES;
				CLANG_ENABLE_OBJC_ARC = YES;
				CLANG_WARN_BOOL_CONVERSION = YES;
				CLANG_WARN_CONSTANT_CONVERSION = YES;
				CLANG_WARN_DIRECT_OBJC_ISA_USAGE = YES_ERROR;
				CLANG_WARN_EMPTY_BODY = YES;
				CLANG_WARN_ENUM_CONVERSION = YES;
				CLANG_WARN_INT_CONVERSION = YES;
				CLANG_WARN_OBJC_ROOT_CLASS = YES_ERROR;
				CLANG_WARN_UNREACHABLE_CODE = YES;
				CLANG_WARN__DUPLICATE_METHOD_MATCH = YES;
				CODE_SIGN_IDENTITY = "-";
				COPY_PHASE_STRIP = NO;
				DEBUG_INFORMATION_FORMAT = dwarf;
				ENABLE_STRICT_OBJC_MSGSEND = YES;
				GCC_C_LANGUAGE_STANDARD = gnu99;
				GCC_DYNAMIC_NO_PIC = NO;
				GCC_NO_COMMON_BLOCKS = YES;
				GCC_OPTIMIZATION_LEVEL = 0;
				GCC_PREPROCESSOR_DEFINITIONS = (
					"DEBUG=1",
					"$(inherited)",
				);
				GCC_SYMBOLS_PRIVATE_EXTERN = NO;
				GCC_WARN_64_TO_32_BIT_CONVERSION = YES;
				GCC_WARN_ABOUT_RETURN_TYPE = YES_ERROR;
				GCC_WARN_UNDECLARED_SELECTOR = YES;
				GCC_WARN_UNINITIALIZED_AUTOS = YES_AGGRESSIVE;
				GCC_WARN_UNUSED_FUNCTION = YES;
				GCC_WARN_UNUSED_VARIABLE = YES;
				MACOSX_DEPLOYMENT_TARGET = 10.10;
				MTL_ENABLE_DEBUG_INFO = YES;
				ONLY_ACTIVE_ARCH = YES;
				SDKROOT = macosx;
			};
			name = Debug;
		};
		CE3A27A51B8EB9CF003DB017 /* Release */ = {
			isa = XCBuildConfiguration;
			buildSettings = {
				ALWAYS_SEARCH_USER_PATHS = NO;
				CLANG_CXX_LANGUAGE_STANDARD = "gnu++0x";
				CLANG_CXX_LIBRARY = "libc++";
				CLANG_ENABLE_MODULES = YES;
				CLANG_ENABLE_OBJC_ARC = YES;
				CLANG_WARN_BOOL_CONVERSION = YES;
				CLANG_WARN_CONSTANT_CONVERSION = YES;
				CLANG_WARN_DIRECT_OBJC_ISA_USAGE = YES_ERROR;
				CLANG_WARN_EMPTY_BODY = YES;
				CLANG_WARN_ENUM_CONVERSION = YES;
				CLANG_WARN_INT_CONVERSION = YES;
				CLANG_WARN_OBJC_ROOT_CLASS = YES_ERROR;
				CLANG_WARN_UNREACHABLE_CODE = YES;
				CLANG_WARN__DUPLICATE_METHOD_MATCH = YES;
				CODE_SIGN_IDENTITY = "-";
				COPY_PHASE_STRIP = NO;
				DEBUG_INFORMATION_FORMAT = "dwarf-with-dsym";
				ENABLE_NS_ASSERTIONS = NO;
				ENABLE_STRICT_OBJC_MSGSEND = YES;
				GCC_C_LANGUAGE_STANDARD = gnu99;
				GCC_NO_COMMON_BLOCKS = YES;
				GCC_WARN_64_TO_32_BIT_CONVERSION = YES;
				GCC_WARN_ABOUT_RETURN_TYPE = YES_ERROR;
				GCC_WARN_UNDECLARED_SELECTOR = YES;
				GCC_WARN_UNINITIALIZED_AUTOS = YES_AGGRESSIVE;
				GCC_WARN_UNUSED_FUNCTION = YES;
				GCC_WARN_UNUSED_VARIABLE = YES;
				MACOSX_DEPLOYMENT_TARGET = 10.10;
				MTL_ENABLE_DEBUG_INFO = NO;
				SDKROOT = macosx;
			};
			name = Release;
		};
		CE3A27A71B8EB9CF003DB017 /* Debug */ = {
			isa = XCBuildConfiguration;
			buildSettings = {
				ASSETCATALOG_COMPILER_APPICON_NAME = AppIcon;
				COMBINE_HIDPI_IMAGES = YES;
				INFOPLIST_FILE = LoginHelper/Info.plist;
				LD_RUNPATH_SEARCH_PATHS = "$(inherited) @executable_path/../Frameworks";
				PRODUCT_NAME = "$(TARGET_NAME)";
			};
			name = Debug;
		};
		CE3A27A81B8EB9CF003DB017 /* Release */ = {
			isa = XCBuildConfiguration;
			buildSettings = {
				ASSETCATALOG_COMPILER_APPICON_NAME = AppIcon;
				COMBINE_HIDPI_IMAGES = YES;
				INFOPLIST_FILE = LoginHelper/Info.plist;
				LD_RUNPATH_SEARCH_PATHS = "$(inherited) @executable_path/../Frameworks";
				PRODUCT_NAME = "$(TARGET_NAME)";
			};
			name = Release;
		};
		CE3A27AA1B8EB9CF003DB017 /* Debug */ = {
			isa = XCBuildConfiguration;
			buildSettings = {
				BUNDLE_LOADER = "$(TEST_HOST)";
				COMBINE_HIDPI_IMAGES = YES;
				FRAMEWORK_SEARCH_PATHS = (
					"$(DEVELOPER_FRAMEWORKS_DIR)",
					"$(inherited)",
				);
				GCC_PREPROCESSOR_DEFINITIONS = (
					"DEBUG=1",
					"$(inherited)",
				);
				INFOPLIST_FILE = LoginHelperTests/Info.plist;
				LD_RUNPATH_SEARCH_PATHS = "$(inherited) @executable_path/../Frameworks @loader_path/../Frameworks";
				PRODUCT_NAME = "$(TARGET_NAME)";
				TEST_HOST = "$(BUILT_PRODUCTS_DIR)/LoginHelper.app/Contents/MacOS/LoginHelper";
			};
			name = Debug;
		};
		CE3A27AB1B8EB9CF003DB017 /* Release */ = {
			isa = XCBuildConfiguration;
			buildSettings = {
				BUNDLE_LOADER = "$(TEST_HOST)";
				COMBINE_HIDPI_IMAGES = YES;
				FRAMEWORK_SEARCH_PATHS = (
					"$(DEVELOPER_FRAMEWORKS_DIR)",
					"$(inherited)",
				);
				INFOPLIST_FILE = LoginHelperTests/Info.plist;
				LD_RUNPATH_SEARCH_PATHS = "$(inherited) @executable_path/../Frameworks @loader_path/../Frameworks";
				PRODUCT_NAME = "$(TARGET_NAME)";
				TEST_HOST = "$(BUILT_PRODUCTS_DIR)/LoginHelper.app/Contents/MacOS/LoginHelper";
			};
			name = Release;
		};
/* End XCBuildConfiguration section */

/* Begin XCConfigurationList section */
		CE3A27841B8EB9CF003DB017 /* Build configuration list for PBXProject "LoginHelper" */ = {
			isa = XCConfigurationList;
			buildConfigurations = (
				CE3A27A41B8EB9CF003DB017 /* Debug */,
				CE3A27A51B8EB9CF003DB017 /* Release */,
			);
			defaultConfigurationIsVisible = 0;
			defaultConfigurationName = Release;
		};
		CE3A27A61B8EB9CF003DB017 /* Build configuration list for PBXNativeTarget "LoginHelper" */ = {
			isa = XCConfigurationList;
			buildConfigurations = (
				CE3A27A71B8EB9CF003DB017 /* Debug */,
				CE3A27A81B8EB9CF003DB017 /* Release */,
			);
			defaultConfigurationIsVisible = 0;
			defaultConfigurationName = Release;
		};
		CE3A27A91B8EB9CF003DB017 /* Build configuration list for PBXNativeTarget "LoginHelperTests" */ = {
			isa = XCConfigurationList;
			buildConfigurations = (
				CE3A27AA1B8EB9CF003DB017 /* Debug */,
				CE3A27AB1B8EB9CF003DB017 /* Release */,
			);
			defaultConfigurationIsVisible = 0;
			defaultConfigurationName = Release;
		};
/* End XCConfigurationList section */
	};
	rootObject = CE3A27811B8EB9CF003DB017 /* Project object */;
}
