// !$*UTF8*$!
{
	archiveVersion = 1;
	classes = {
	};
	objectVersion = 48;
	objects = {

/* Begin PBXBuildFile section */
		38B57B501FAC6DB90030ED1F /* AppDelegate.m in Sources */ = {isa = PBXBuildFile; fileRef = 38B57B4F1FAC6DB90030ED1F /* AppDelegate.m */; };
		38B57B521FAC6DB90030ED1F /* Assets.xcassets in Resources */ = {isa = PBXBuildFile; fileRef = 38B57B511FAC6DB90030ED1F /* Assets.xcassets */; };
		38B57B551FAC6DB90030ED1F /* MainMenu.xib in Resources */ = {isa = PBXBuildFile; fileRef = 38B57B531FAC6DB90030ED1F /* MainMenu.xib */; };
		38B57B581FAC6DB90030ED1F /* main.m in Sources */ = {isa = PBXBuildFile; fileRef = 38B57B571FAC6DB90030ED1F /* main.m */; };
		38B57B701FAC6F370030ED1F /* libDynamicLib.dylib in Frameworks */ = {isa = PBXBuildFile; fileRef = 38B57B6F1FAC6F370030ED1F /* libDynamicLib.dylib */; };
		38B57B711FAC6F3D0030ED1F /* libDynamicLib.dylib in Resources */ = {isa = PBXBuildFile; fileRef = 38B57B6F1FAC6F370030ED1F /* libDynamicLib.dylib */; };
		38B57B901FAC87BB0030ED1F /* DynamicTest.mm in Sources */ = {isa = PBXBuildFile; fileRef = 38B57B8F1FAC87BB0030ED1F /* DynamicTest.mm */; };
/* End PBXBuildFile section */

/* Begin PBXFileReference section */
		38B57B4B1FAC6DB90030ED1F /* DynamicLibtest.app */ = {isa = PBXFileReference; explicitFileType = wrapper.application; includeInIndex = 0; path = DynamicLibtest.app; sourceTree = BUILT_PRODUCTS_DIR; };
		38B57B4E1FAC6DB90030ED1F /* AppDelegate.h */ = {isa = PBXFileReference; lastKnownFileType = sourcecode.c.h; path = AppDelegate.h; sourceTree = "<group>"; };
		38B57B4F1FAC6DB90030ED1F /* AppDelegate.m */ = {isa = PBXFileReference; lastKnownFileType = sourcecode.c.objc; path = AppDelegate.m; sourceTree = "<group>"; };
		38B57B511FAC6DB90030ED1F /* Assets.xcassets */ = {isa = PBXFileReference; lastKnownFileType = folder.assetcatalog; path = Assets.xcassets; sourceTree = "<group>"; };
		38B57B541FAC6DB90030ED1F /* Base */ = {isa = PBXFileReference; lastKnownFileType = file.xib; name = Base; path = Base.lproj/MainMenu.xib; sourceTree = "<group>"; };
		38B57B561FAC6DB90030ED1F /* Info.plist */ = {isa = PBXFileReference; lastKnownFileType = text.plist.xml; path = Info.plist; sourceTree = "<group>"; };
		38B57B571FAC6DB90030ED1F /* main.m */ = {isa = PBXFileReference; lastKnownFileType = sourcecode.c.objc; path = main.m; sourceTree = "<group>"; };
		38B57B591FAC6DB90030ED1F /* DynamicLibtest.entitlements */ = {isa = PBXFileReference; lastKnownFileType = text.plist.entitlements; path = DynamicLibtest.entitlements; sourceTree = "<group>"; };
		38B57B6F1FAC6F370030ED1F /* libDynamicLib.dylib */ = {isa = PBXFileReference; lastKnownFileType = "compiled.mach-o.dylib"; name = libDynamicLib.dylib; path = DynamicLibtest/libDynamicLib.dylib; sourceTree = "<group>"; };
		38B57B8D1FAC85B70030ED1F /* Person.hpp */ = {isa = PBXFileReference; lastKnownFileType = sourcecode.cpp.h; name = Person.hpp; path = ../../DynamicLib/Person.hpp; sourceTree = "<group>"; };
		38B57B8E1FAC87BB0030ED1F /* DynamicTest.h */ = {isa = PBXFileReference; lastKnownFileType = sourcecode.c.h; path = DynamicTest.h; sourceTree = "<group>"; };
		38B57B8F1FAC87BB0030ED1F /* DynamicTest.mm */ = {isa = PBXFileReference; lastKnownFileType = sourcecode.cpp.objcpp; path = DynamicTest.mm; sourceTree = "<group>"; };
/* End PBXFileReference section */

/* Begin PBXFrameworksBuildPhase section */
		38B57B481FAC6DB90030ED1F /* Frameworks */ = {
			isa = PBXFrameworksBuildPhase;
			buildActionMask = 2147483647;
			files = (
				38B57B701FAC6F370030ED1F /* libDynamicLib.dylib in Frameworks */,
			);
			runOnlyForDeploymentPostprocessing = 0;
		};
/* End PBXFrameworksBuildPhase section */

/* Begin PBXGroup section */
		38B57B421FAC6DB80030ED1F = {
			isa = PBXGroup;
			children = (
				38B57B4D1FAC6DB90030ED1F /* DynamicLibtest */,
				38B57B4C1FAC6DB90030ED1F /* Products */,
				38B57B671FAC6E1C0030ED1F /* Frameworks */,
			);
			sourceTree = "<group>";
		};
		38B57B4C1FAC6DB90030ED1F /* Products */ = {
			isa = PBXGroup;
			children = (
				38B57B4B1FAC6DB90030ED1F /* DynamicLibtest.app */,
			);
			name = Products;
			sourceTree = "<group>";
		};
		38B57B4D1FAC6DB90030ED1F /* DynamicLibtest */ = {
			isa = PBXGroup;
			children = (
				38B57B4E1FAC6DB90030ED1F /* AppDelegate.h */,
				38B57B4F1FAC6DB90030ED1F /* AppDelegate.m */,
				38B57B8E1FAC87BB0030ED1F /* DynamicTest.h */,
				38B57B8F1FAC87BB0030ED1F /* DynamicTest.mm */,
				38B57B8D1FAC85B70030ED1F /* Person.hpp */,
				38B57B511FAC6DB90030ED1F /* Assets.xcassets */,
				38B57B531FAC6DB90030ED1F /* MainMenu.xib */,
				38B57B561FAC6DB90030ED1F /* Info.plist */,
				38B57B571FAC6DB90030ED1F /* main.m */,
				38B57B591FAC6DB90030ED1F /* DynamicLibtest.entitlements */,
			);
			path = DynamicLibtest;
			sourceTree = "<group>";
		};
		38B57B671FAC6E1C0030ED1F /* Frameworks */ = {
			isa = PBXGroup;
			children = (
				38B57B6F1FAC6F370030ED1F /* libDynamicLib.dylib */,
			);
			name = Frameworks;
			sourceTree = "<group>";
		};
/* End PBXGroup section */

/* Begin PBXNativeTarget section */
		38B57B4A1FAC6DB90030ED1F /* DynamicLibtest */ = {
			isa = PBXNativeTarget;
			buildConfigurationList = 38B57B5C1FAC6DB90030ED1F /* Build configuration list for PBXNativeTarget "DynamicLibtest" */;
			buildPhases = (
				38B57B471FAC6DB90030ED1F /* Sources */,
				38B57B481FAC6DB90030ED1F /* Frameworks */,
				38B57B491FAC6DB90030ED1F /* Resources */,
			);
			buildRules = (
			);
			dependencies = (
			);
			name = DynamicLibtest;
			productName = DynamicLibtest;
			productReference = 38B57B4B1FAC6DB90030ED1F /* DynamicLibtest.app */;
			productType = "com.apple.product-type.application";
		};
/* End PBXNativeTarget section */

/* Begin PBXProject section */
		38B57B431FAC6DB80030ED1F /* Project object */ = {
			isa = PBXProject;
			attributes = {
				LastUpgradeCheck = 0900;
				ORGANIZATIONNAME = trendmicro;
				TargetAttributes = {
					38B57B4A1FAC6DB90030ED1F = {
						CreatedOnToolsVersion = 9.0;
						ProvisioningStyle = Automatic;
					};
				};
			};
			buildConfigurationList = 38B57B461FAC6DB80030ED1F /* Build configuration list for PBXProject "DynamicLibtest" */;
			compatibilityVersion = "Xcode 8.0";
			developmentRegion = en;
			hasScannedForEncodings = 0;
			knownRegions = (
				en,
				Base,
			);
			mainGroup = 38B57B421FAC6DB80030ED1F;
			productRefGroup = 38B57B4C1FAC6DB90030ED1F /* Products */;
			projectDirPath = "";
			projectRoot = "";
			targets = (
				38B57B4A1FAC6DB90030ED1F /* DynamicLibtest */,
			);
		};
/* End PBXProject section */

/* Begin PBXResourcesBuildPhase section */
		38B57B491FAC6DB90030ED1F /* Resources */ = {
			isa = PBXResourcesBuildPhase;
			buildActionMask = 2147483647;
			files = (
				38B57B711FAC6F3D0030ED1F /* libDynamicLib.dylib in Resources */,
				38B57B521FAC6DB90030ED1F /* Assets.xcassets in Resources */,
				38B57B551FAC6DB90030ED1F /* MainMenu.xib in Resources */,
			);
			runOnlyForDeploymentPostprocessing = 0;
		};
/* End PBXResourcesBuildPhase section */

/* Begin PBXSourcesBuildPhase section */
		38B57B471FAC6DB90030ED1F /* Sources */ = {
			isa = PBXSourcesBuildPhase;
			buildActionMask = 2147483647;
			files = (
				38B57B901FAC87BB0030ED1F /* DynamicTest.mm in Sources */,
				38B57B581FAC6DB90030ED1F /* main.m in Sources */,
				38B57B501FAC6DB90030ED1F /* AppDelegate.m in Sources */,
			);
			runOnlyForDeploymentPostprocessing = 0;
		};
/* End PBXSourcesBuildPhase section */

/* Begin PBXVariantGroup section */
		38B57B531FAC6DB90030ED1F /* MainMenu.xib */ = {
			isa = PBXVariantGroup;
			children = (
				38B57B541FAC6DB90030ED1F /* Base */,
			);
			name = MainMenu.xib;
			sourceTree = "<group>";
		};
/* End PBXVariantGroup section */

/* Begin XCBuildConfiguration section */
		38B57B5A1FAC6DB90030ED1F /* Debug */ = {
			isa = XCBuildConfiguration;
			buildSettings = {
				ALWAYS_SEARCH_USER_PATHS = NO;
				CLANG_ANALYZER_NONNULL = YES;
				CLANG_ANALYZER_NUMBER_OBJECT_CONVERSION = YES_AGGRESSIVE;
				CLANG_CXX_LANGUAGE_STANDARD = "gnu++14";
				CLANG_CXX_LIBRARY = "libc++";
				CLANG_ENABLE_MODULES = YES;
				CLANG_ENABLE_OBJC_ARC = YES;
				CLANG_WARN_BLOCK_CAPTURE_AUTORELEASING = YES;
				CLANG_WARN_BOOL_CONVERSION = YES;
				CLANG_WARN_COMMA = YES;
				CLANG_WARN_CONSTANT_CONVERSION = YES;
				CLANG_WARN_DIRECT_OBJC_ISA_USAGE = YES_ERROR;
				CLANG_WARN_DOCUMENTATION_COMMENTS = YES;
				CLANG_WARN_EMPTY_BODY = YES;
				CLANG_WARN_ENUM_CONVERSION = YES;
				CLANG_WARN_INFINITE_RECURSION = YES;
				CLANG_WARN_INT_CONVERSION = YES;
				CLANG_WARN_NON_LITERAL_NULL_CONVERSION = YES;
				CLANG_WARN_OBJC_LITERAL_CONVERSION = YES;
				CLANG_WARN_OBJC_ROOT_CLASS = YES_ERROR;
				CLANG_WARN_RANGE_LOOP_ANALYSIS = YES;
				CLANG_WARN_STRICT_PROTOTYPES = YES;
				CLANG_WARN_SUSPICIOUS_MOVE = YES;
				CLANG_WARN_UNGUARDED_AVAILABILITY = YES_AGGRESSIVE;
				CLANG_WARN_UNREACHABLE_CODE = YES;
				CLANG_WARN__DUPLICATE_METHOD_MATCH = YES;
				CODE_SIGN_IDENTITY = "-";
				COPY_PHASE_STRIP = NO;
				DEBUG_INFORMATION_FORMAT = dwarf;
				ENABLE_STRICT_OBJC_MSGSEND = YES;
				ENABLE_TESTABILITY = YES;
				GCC_C_LANGUAGE_STANDARD = gnu11;
				GCC_DYNAMIC_NO_PIC = NO;
				GCC_NO_COMMON_BLOCKS = YES;
				GCC_OPTIMIZATION_LEVEL = 0;
				GCC_PREPROCESSOR_DEFINITIONS = (
					"DEBUG=1",
					"$(inherited)",
				);
				GCC_WARN_64_TO_32_BIT_CONVERSION = YES;
				GCC_WARN_ABOUT_RETURN_TYPE = YES_ERROR;
				GCC_WARN_UNDECLARED_SELECTOR = YES;
				GCC_WARN_UNINITIALIZED_AUTOS = YES_AGGRESSIVE;
				GCC_WARN_UNUSED_FUNCTION = YES;
				GCC_WARN_UNUSED_VARIABLE = YES;
				MACOSX_DEPLOYMENT_TARGET = 10.13;
				MTL_ENABLE_DEBUG_INFO = YES;
				ONLY_ACTIVE_ARCH = YES;
				SDKROOT = macosx;
			};
			name = Debug;
		};
		38B57B5B1FAC6DB90030ED1F /* Release */ = {
			isa = XCBuildConfiguration;
			buildSettings = {
				ALWAYS_SEARCH_USER_PATHS = NO;
				CLANG_ANALYZER_NONNULL = YES;
				CLANG_ANALYZER_NUMBER_OBJECT_CONVERSION = YES_AGGRESSIVE;
				CLANG_CXX_LANGUAGE_STANDARD = "gnu++14";
				CLANG_CXX_LIBRARY = "libc++";
				CLANG_ENABLE_MODULES = YES;
				CLANG_ENABLE_OBJC_ARC = YES;
				CLANG_WARN_BLOCK_CAPTURE_AUTORELEASING = YES;
				CLANG_WARN_BOOL_CONVERSION = YES;
				CLANG_WARN_COMMA = YES;
				CLANG_WARN_CONSTANT_CONVERSION = YES;
				CLANG_WARN_DIRECT_OBJC_ISA_USAGE = YES_ERROR;
				CLANG_WARN_DOCUMENTATION_COMMENTS = YES;
				CLANG_WARN_EMPTY_BODY = YES;
				CLANG_WARN_ENUM_CONVERSION = YES;
				CLANG_WARN_INFINITE_RECURSION = YES;
				CLANG_WARN_INT_CONVERSION = YES;
				CLANG_WARN_NON_LITERAL_NULL_CONVERSION = YES;
				CLANG_WARN_OBJC_LITERAL_CONVERSION = YES;
				CLANG_WARN_OBJC_ROOT_CLASS = YES_ERROR;
				CLANG_WARN_RANGE_LOOP_ANALYSIS = YES;
				CLANG_WARN_STRICT_PROTOTYPES = YES;
				CLANG_WARN_SUSPICIOUS_MOVE = YES;
				CLANG_WARN_UNGUARDED_AVAILABILITY = YES_AGGRESSIVE;
				CLANG_WARN_UNREACHABLE_CODE = YES;
				CLANG_WARN__DUPLICATE_METHOD_MATCH = YES;
				CODE_SIGN_IDENTITY = "-";
				COPY_PHASE_STRIP = NO;
				DEBUG_INFORMATION_FORMAT = "dwarf-with-dsym";
				ENABLE_NS_ASSERTIONS = NO;
				ENABLE_STRICT_OBJC_MSGSEND = YES;
				GCC_C_LANGUAGE_STANDARD = gnu11;
				GCC_NO_COMMON_BLOCKS = YES;
				GCC_WARN_64_TO_32_BIT_CONVERSION = YES;
				GCC_WARN_ABOUT_RETURN_TYPE = YES_ERROR;
				GCC_WARN_UNDECLARED_SELECTOR = YES;
				GCC_WARN_UNINITIALIZED_AUTOS = YES_AGGRESSIVE;
				GCC_WARN_UNUSED_FUNCTION = YES;
				GCC_WARN_UNUSED_VARIABLE = YES;
				MACOSX_DEPLOYMENT_TARGET = 10.13;
				MTL_ENABLE_DEBUG_INFO = NO;
				SDKROOT = macosx;
			};
			name = Release;
		};
		38B57B5D1FAC6DB90030ED1F /* Debug */ = {
			isa = XCBuildConfiguration;
			buildSettings = {
				ASSETCATALOG_COMPILER_APPICON_NAME = AppIcon;
				CODE_SIGN_ENTITLEMENTS = DynamicLibtest/DynamicLibtest.entitlements;
				CODE_SIGN_STYLE = Automatic;
				COMBINE_HIDPI_IMAGES = YES;
				INFOPLIST_FILE = DynamicLibtest/Info.plist;
				LD_RUNPATH_SEARCH_PATHS = "$(inherited) @executable_path/../Frameworks";
				LIBRARY_SEARCH_PATHS = (
					"$(inherited)",
					"$(PROJECT_DIR)/DynamicLibtest",
				);
				OTHER_LDFLAGS = "";
				PRODUCT_BUNDLE_IDENTIFIER = com.trendmicro.DynamicLibtest;
				PRODUCT_NAME = "$(TARGET_NAME)";
			};
			name = Debug;
		};
		38B57B5E1FAC6DB90030ED1F /* Release */ = {
			isa = XCBuildConfiguration;
			buildSettings = {
				ASSETCATALOG_COMPILER_APPICON_NAME = AppIcon;
				CODE_SIGN_ENTITLEMENTS = DynamicLibtest/DynamicLibtest.entitlements;
				CODE_SIGN_STYLE = Automatic;
				COMBINE_HIDPI_IMAGES = YES;
				INFOPLIST_FILE = DynamicLibtest/Info.plist;
				LD_RUNPATH_SEARCH_PATHS = "$(inherited) @executable_path/../Frameworks";
				LIBRARY_SEARCH_PATHS = (
					"$(inherited)",
					"$(PROJECT_DIR)/DynamicLibtest",
				);
				OTHER_LDFLAGS = "";
				PRODUCT_BUNDLE_IDENTIFIER = com.trendmicro.DynamicLibtest;
				PRODUCT_NAME = "$(TARGET_NAME)";
			};
			name = Release;
		};
/* End XCBuildConfiguration section */

/* Begin XCConfigurationList section */
		38B57B461FAC6DB80030ED1F /* Build configuration list for PBXProject "DynamicLibtest" */ = {
			isa = XCConfigurationList;
			buildConfigurations = (
				38B57B5A1FAC6DB90030ED1F /* Debug */,
				38B57B5B1FAC6DB90030ED1F /* Release */,
			);
			defaultConfigurationIsVisible = 0;
			defaultConfigurationName = Release;
		};
		38B57B5C1FAC6DB90030ED1F /* Build configuration list for PBXNativeTarget "DynamicLibtest" */ = {
			isa = XCConfigurationList;
			buildConfigurations = (
				38B57B5D1FAC6DB90030ED1F /* Debug */,
				38B57B5E1FAC6DB90030ED1F /* Release */,
			);
			defaultConfigurationIsVisible = 0;
			defaultConfigurationName = Release;
		};
/* End XCConfigurationList section */
	};
	rootObject = 38B57B431FAC6DB80030ED1F /* Project object */;
}
