// !$*UTF8*$!
{
	archiveVersion = 1;
	classes = {
	};
	objectVersion = 46;
	objects = {

/* Begin PBXBuildFile section */
		CE334A371D922582002D75C4 /* AppDelegate.m in Sources */ = {isa = PBXBuildFile; fileRef = CE334A361D922582002D75C4 /* AppDelegate.m */; };
		CE334A3A1D922582002D75C4 /* main.m in Sources */ = {isa = PBXBuildFile; fileRef = CE334A391D922582002D75C4 /* main.m */; };
		CE334A3C1D922582002D75C4 /* Assets.xcassets in Resources */ = {isa = PBXBuildFile; fileRef = CE334A3B1D922582002D75C4 /* Assets.xcassets */; };
		CE334A3F1D922582002D75C4 /* MainMenu.xib in Resources */ = {isa = PBXBuildFile; fileRef = CE334A3D1D922582002D75C4 /* MainMenu.xib */; };
		CE334A4A1D922582002D75C4 /* CollectionViewWithBindingTests.m in Sources */ = {isa = PBXBuildFile; fileRef = CE334A491D922582002D75C4 /* CollectionViewWithBindingTests.m */; };
		CE334A551D922582002D75C4 /* CollectionViewWithBindingUITests.m in Sources */ = {isa = PBXBuildFile; fileRef = CE334A541D922582002D75C4 /* CollectionViewWithBindingUITests.m */; };
		CE334A691D923070002D75C4 /* SelectedFolder.m in Sources */ = {isa = PBXBuildFile; fileRef = CE334A681D923070002D75C4 /* SelectedFolder.m */; };
/* End PBXBuildFile section */

/* Begin PBXContainerItemProxy section */
		CE334A461D922582002D75C4 /* PBXContainerItemProxy */ = {
			isa = PBXContainerItemProxy;
			containerPortal = CE334A2A1D922582002D75C4 /* Project object */;
			proxyType = 1;
			remoteGlobalIDString = CE334A311D922582002D75C4;
			remoteInfo = CollectionViewWithBinding;
		};
		CE334A511D922582002D75C4 /* PBXContainerItemProxy */ = {
			isa = PBXContainerItemProxy;
			containerPortal = CE334A2A1D922582002D75C4 /* Project object */;
			proxyType = 1;
			remoteGlobalIDString = CE334A311D922582002D75C4;
			remoteInfo = CollectionViewWithBinding;
		};
/* End PBXContainerItemProxy section */

/* Begin PBXFileReference section */
		CE334A321D922582002D75C4 /* CollectionViewWithBinding.app */ = {isa = PBXFileReference; explicitFileType = wrapper.application; includeInIndex = 0; path = CollectionViewWithBinding.app; sourceTree = BUILT_PRODUCTS_DIR; };
		CE334A351D922582002D75C4 /* AppDelegate.h */ = {isa = PBXFileReference; lastKnownFileType = sourcecode.c.h; path = AppDelegate.h; sourceTree = "<group>"; };
		CE334A361D922582002D75C4 /* AppDelegate.m */ = {isa = PBXFileReference; lastKnownFileType = sourcecode.c.objc; path = AppDelegate.m; sourceTree = "<group>"; };
		CE334A391D922582002D75C4 /* main.m */ = {isa = PBXFileReference; lastKnownFileType = sourcecode.c.objc; path = main.m; sourceTree = "<group>"; };
		CE334A3B1D922582002D75C4 /* Assets.xcassets */ = {isa = PBXFileReference; lastKnownFileType = folder.assetcatalog; path = Assets.xcassets; sourceTree = "<group>"; };
		CE334A3E1D922582002D75C4 /* Base */ = {isa = PBXFileReference; lastKnownFileType = file.xib; name = Base; path = Base.lproj/MainMenu.xib; sourceTree = "<group>"; };
		CE334A401D922582002D75C4 /* Info.plist */ = {isa = PBXFileReference; lastKnownFileType = text.plist.xml; path = Info.plist; sourceTree = "<group>"; };
		CE334A451D922582002D75C4 /* CollectionViewWithBindingTests.xctest */ = {isa = PBXFileReference; explicitFileType = wrapper.cfbundle; includeInIndex = 0; path = CollectionViewWithBindingTests.xctest; sourceTree = BUILT_PRODUCTS_DIR; };
		CE334A491D922582002D75C4 /* CollectionViewWithBindingTests.m */ = {isa = PBXFileReference; lastKnownFileType = sourcecode.c.objc; path = CollectionViewWithBindingTests.m; sourceTree = "<group>"; };
		CE334A4B1D922582002D75C4 /* Info.plist */ = {isa = PBXFileReference; lastKnownFileType = text.plist.xml; path = Info.plist; sourceTree = "<group>"; };
		CE334A501D922582002D75C4 /* CollectionViewWithBindingUITests.xctest */ = {isa = PBXFileReference; explicitFileType = wrapper.cfbundle; includeInIndex = 0; path = CollectionViewWithBindingUITests.xctest; sourceTree = BUILT_PRODUCTS_DIR; };
		CE334A541D922582002D75C4 /* CollectionViewWithBindingUITests.m */ = {isa = PBXFileReference; lastKnownFileType = sourcecode.c.objc; path = CollectionViewWithBindingUITests.m; sourceTree = "<group>"; };
		CE334A561D922582002D75C4 /* Info.plist */ = {isa = PBXFileReference; lastKnownFileType = text.plist.xml; path = Info.plist; sourceTree = "<group>"; };
		CE334A671D923070002D75C4 /* SelectedFolder.h */ = {isa = PBXFileReference; fileEncoding = 4; lastKnownFileType = sourcecode.c.h; path = SelectedFolder.h; sourceTree = "<group>"; };
		CE334A681D923070002D75C4 /* SelectedFolder.m */ = {isa = PBXFileReference; fileEncoding = 4; lastKnownFileType = sourcecode.c.objc; path = SelectedFolder.m; sourceTree = "<group>"; };
/* End PBXFileReference section */

/* Begin PBXFrameworksBuildPhase section */
		CE334A2F1D922582002D75C4 /* Frameworks */ = {
			isa = PBXFrameworksBuildPhase;
			buildActionMask = 2147483647;
			files = (
			);
			runOnlyForDeploymentPostprocessing = 0;
		};
		CE334A421D922582002D75C4 /* Frameworks */ = {
			isa = PBXFrameworksBuildPhase;
			buildActionMask = 2147483647;
			files = (
			);
			runOnlyForDeploymentPostprocessing = 0;
		};
		CE334A4D1D922582002D75C4 /* Frameworks */ = {
			isa = PBXFrameworksBuildPhase;
			buildActionMask = 2147483647;
			files = (
			);
			runOnlyForDeploymentPostprocessing = 0;
		};
/* End PBXFrameworksBuildPhase section */

/* Begin PBXGroup section */
		CE334A291D922582002D75C4 = {
			isa = PBXGroup;
			children = (
				CE334A341D922582002D75C4 /* CollectionViewWithBinding */,
				CE334A481D922582002D75C4 /* CollectionViewWithBindingTests */,
				CE334A531D922582002D75C4 /* CollectionViewWithBindingUITests */,
				CE334A331D922582002D75C4 /* Products */,
			);
			sourceTree = "<group>";
		};
		CE334A331D922582002D75C4 /* Products */ = {
			isa = PBXGroup;
			children = (
				CE334A321D922582002D75C4 /* CollectionViewWithBinding.app */,
				CE334A451D922582002D75C4 /* CollectionViewWithBindingTests.xctest */,
				CE334A501D922582002D75C4 /* CollectionViewWithBindingUITests.xctest */,
			);
			name = Products;
			sourceTree = "<group>";
		};
		CE334A341D922582002D75C4 /* CollectionViewWithBinding */ = {
			isa = PBXGroup;
			children = (
				CE334A351D922582002D75C4 /* AppDelegate.h */,
				CE334A361D922582002D75C4 /* AppDelegate.m */,
				CE334A671D923070002D75C4 /* SelectedFolder.h */,
				CE334A681D923070002D75C4 /* SelectedFolder.m */,
				CE334A3B1D922582002D75C4 /* Assets.xcassets */,
				CE334A3D1D922582002D75C4 /* MainMenu.xib */,
				CE334A401D922582002D75C4 /* Info.plist */,
				CE334A381D922582002D75C4 /* Supporting Files */,
			);
			path = CollectionViewWithBinding;
			sourceTree = "<group>";
		};
		CE334A381D922582002D75C4 /* Supporting Files */ = {
			isa = PBXGroup;
			children = (
				CE334A391D922582002D75C4 /* main.m */,
			);
			name = "Supporting Files";
			sourceTree = "<group>";
		};
		CE334A481D922582002D75C4 /* CollectionViewWithBindingTests */ = {
			isa = PBXGroup;
			children = (
				CE334A491D922582002D75C4 /* CollectionViewWithBindingTests.m */,
				CE334A4B1D922582002D75C4 /* Info.plist */,
			);
			path = CollectionViewWithBindingTests;
			sourceTree = "<group>";
		};
		CE334A531D922582002D75C4 /* CollectionViewWithBindingUITests */ = {
			isa = PBXGroup;
			children = (
				CE334A541D922582002D75C4 /* CollectionViewWithBindingUITests.m */,
				CE334A561D922582002D75C4 /* Info.plist */,
			);
			path = CollectionViewWithBindingUITests;
			sourceTree = "<group>";
		};
/* End PBXGroup section */

/* Begin PBXNativeTarget section */
		CE334A311D922582002D75C4 /* CollectionViewWithBinding */ = {
			isa = PBXNativeTarget;
			buildConfigurationList = CE334A591D922582002D75C4 /* Build configuration list for PBXNativeTarget "CollectionViewWithBinding" */;
			buildPhases = (
				CE334A2E1D922582002D75C4 /* Sources */,
				CE334A2F1D922582002D75C4 /* Frameworks */,
				CE334A301D922582002D75C4 /* Resources */,
			);
			buildRules = (
			);
			dependencies = (
			);
			name = CollectionViewWithBinding;
			productName = CollectionViewWithBinding;
			productReference = CE334A321D922582002D75C4 /* CollectionViewWithBinding.app */;
			productType = "com.apple.product-type.application";
		};
		CE334A441D922582002D75C4 /* CollectionViewWithBindingTests */ = {
			isa = PBXNativeTarget;
			buildConfigurationList = CE334A5C1D922582002D75C4 /* Build configuration list for PBXNativeTarget "CollectionViewWithBindingTests" */;
			buildPhases = (
				CE334A411D922582002D75C4 /* Sources */,
				CE334A421D922582002D75C4 /* Frameworks */,
				CE334A431D922582002D75C4 /* Resources */,
			);
			buildRules = (
			);
			dependencies = (
				CE334A471D922582002D75C4 /* PBXTargetDependency */,
			);
			name = CollectionViewWithBindingTests;
			productName = CollectionViewWithBindingTests;
			productReference = CE334A451D922582002D75C4 /* CollectionViewWithBindingTests.xctest */;
			productType = "com.apple.product-type.bundle.unit-test";
		};
		CE334A4F1D922582002D75C4 /* CollectionViewWithBindingUITests */ = {
			isa = PBXNativeTarget;
			buildConfigurationList = CE334A5F1D922582002D75C4 /* Build configuration list for PBXNativeTarget "CollectionViewWithBindingUITests" */;
			buildPhases = (
				CE334A4C1D922582002D75C4 /* Sources */,
				CE334A4D1D922582002D75C4 /* Frameworks */,
				CE334A4E1D922582002D75C4 /* Resources */,
			);
			buildRules = (
			);
			dependencies = (
				CE334A521D922582002D75C4 /* PBXTargetDependency */,
			);
			name = CollectionViewWithBindingUITests;
			productName = CollectionViewWithBindingUITests;
			productReference = CE334A501D922582002D75C4 /* CollectionViewWithBindingUITests.xctest */;
			productType = "com.apple.product-type.bundle.ui-testing";
		};
/* End PBXNativeTarget section */

/* Begin PBXProject section */
		CE334A2A1D922582002D75C4 /* Project object */ = {
			isa = PBXProject;
			attributes = {
				LastUpgradeCheck = 0730;
				ORGANIZATIONNAME = trendmicro;
				TargetAttributes = {
					CE334A311D922582002D75C4 = {
						CreatedOnToolsVersion = 7.3.1;
					};
					CE334A441D922582002D75C4 = {
						CreatedOnToolsVersion = 7.3.1;
						TestTargetID = CE334A311D922582002D75C4;
					};
					CE334A4F1D922582002D75C4 = {
						CreatedOnToolsVersion = 7.3.1;
						TestTargetID = CE334A311D922582002D75C4;
					};
				};
			};
			buildConfigurationList = CE334A2D1D922582002D75C4 /* Build configuration list for PBXProject "CollectionViewWithBinding" */;
			compatibilityVersion = "Xcode 3.2";
			developmentRegion = English;
			hasScannedForEncodings = 0;
			knownRegions = (
				en,
				Base,
			);
			mainGroup = CE334A291D922582002D75C4;
			productRefGroup = CE334A331D922582002D75C4 /* Products */;
			projectDirPath = "";
			projectRoot = "";
			targets = (
				CE334A311D922582002D75C4 /* CollectionViewWithBinding */,
				CE334A441D922582002D75C4 /* CollectionViewWithBindingTests */,
				CE334A4F1D922582002D75C4 /* CollectionViewWithBindingUITests */,
			);
		};
/* End PBXProject section */

/* Begin PBXResourcesBuildPhase section */
		CE334A301D922582002D75C4 /* Resources */ = {
			isa = PBXResourcesBuildPhase;
			buildActionMask = 2147483647;
			files = (
				CE334A3C1D922582002D75C4 /* Assets.xcassets in Resources */,
				CE334A3F1D922582002D75C4 /* MainMenu.xib in Resources */,
			);
			runOnlyForDeploymentPostprocessing = 0;
		};
		CE334A431D922582002D75C4 /* Resources */ = {
			isa = PBXResourcesBuildPhase;
			buildActionMask = 2147483647;
			files = (
			);
			runOnlyForDeploymentPostprocessing = 0;
		};
		CE334A4E1D922582002D75C4 /* Resources */ = {
			isa = PBXResourcesBuildPhase;
			buildActionMask = 2147483647;
			files = (
			);
			runOnlyForDeploymentPostprocessing = 0;
		};
/* End PBXResourcesBuildPhase section */

/* Begin PBXSourcesBuildPhase section */
		CE334A2E1D922582002D75C4 /* Sources */ = {
			isa = PBXSourcesBuildPhase;
			buildActionMask = 2147483647;
			files = (
				CE334A691D923070002D75C4 /* SelectedFolder.m in Sources */,
				CE334A3A1D922582002D75C4 /* main.m in Sources */,
				CE334A371D922582002D75C4 /* AppDelegate.m in Sources */,
			);
			runOnlyForDeploymentPostprocessing = 0;
		};
		CE334A411D922582002D75C4 /* Sources */ = {
			isa = PBXSourcesBuildPhase;
			buildActionMask = 2147483647;
			files = (
				CE334A4A1D922582002D75C4 /* CollectionViewWithBindingTests.m in Sources */,
			);
			runOnlyForDeploymentPostprocessing = 0;
		};
		CE334A4C1D922582002D75C4 /* Sources */ = {
			isa = PBXSourcesBuildPhase;
			buildActionMask = 2147483647;
			files = (
				CE334A551D922582002D75C4 /* CollectionViewWithBindingUITests.m in Sources */,
			);
			runOnlyForDeploymentPostprocessing = 0;
		};
/* End PBXSourcesBuildPhase section */

/* Begin PBXTargetDependency section */
		CE334A471D922582002D75C4 /* PBXTargetDependency */ = {
			isa = PBXTargetDependency;
			target = CE334A311D922582002D75C4 /* CollectionViewWithBinding */;
			targetProxy = CE334A461D922582002D75C4 /* PBXContainerItemProxy */;
		};
		CE334A521D922582002D75C4 /* PBXTargetDependency */ = {
			isa = PBXTargetDependency;
			target = CE334A311D922582002D75C4 /* CollectionViewWithBinding */;
			targetProxy = CE334A511D922582002D75C4 /* PBXContainerItemProxy */;
		};
/* End PBXTargetDependency section */

/* Begin PBXVariantGroup section */
		CE334A3D1D922582002D75C4 /* MainMenu.xib */ = {
			isa = PBXVariantGroup;
			children = (
				CE334A3E1D922582002D75C4 /* Base */,
			);
			name = MainMenu.xib;
			sourceTree = "<group>";
		};
/* End PBXVariantGroup section */

/* Begin XCBuildConfiguration section */
		CE334A571D922582002D75C4 /* Debug */ = {
			isa = XCBuildConfiguration;
			buildSettings = {
				ALWAYS_SEARCH_USER_PATHS = NO;
				CLANG_ANALYZER_NONNULL = YES;
				CLANG_CXX_LANGUAGE_STANDARD = "gnu++0x";
				CLANG_CXX_LIBRARY = "libc++";
				CLANG_ENABLE_MODULES = YES;
				CLANG_ENABLE_OBJC_ARC = YES;
				CLANG_WARN_BOOL_CONVERSION = YES;
				CLANG_WARN_CONSTANT_CONVERSION = YES;
				CLANG_WARN_DIRECT_OBJC_ISA_USAGE = YES_ERROR;
				CLANG_WARN_EMPTY_BODY = YES;
				CLANG_WARN_ENUM_CONVERSION = YES;
				CLANG_WARN_INT_CONVERSION = YES;
				CLANG_WARN_OBJC_ROOT_CLASS = YES_ERROR;
				CLANG_WARN_UNREACHABLE_CODE = YES;
				CLANG_WARN__DUPLICATE_METHOD_MATCH = YES;
				CODE_SIGN_IDENTITY = "-";
				COPY_PHASE_STRIP = NO;
				DEBUG_INFORMATION_FORMAT = dwarf;
				ENABLE_STRICT_OBJC_MSGSEND = YES;
				ENABLE_TESTABILITY = YES;
				GCC_C_LANGUAGE_STANDARD = gnu99;
				GCC_DYNAMIC_NO_PIC = NO;
				GCC_NO_COMMON_BLOCKS = YES;
				GCC_OPTIMIZATION_LEVEL = 0;
				GCC_PREPROCESSOR_DEFINITIONS = (
					"DEBUG=1",
					"$(inherited)",
				);
				GCC_WARN_64_TO_32_BIT_CONVERSION = YES;
				GCC_WARN_ABOUT_RETURN_TYPE = YES_ERROR;
				GCC_WARN_UNDECLARED_SELECTOR = YES;
				GCC_WARN_UNINITIALIZED_AUTOS = YES_AGGRESSIVE;
				GCC_WARN_UNUSED_FUNCTION = YES;
				GCC_WARN_UNUSED_VARIABLE = YES;
				MACOSX_DEPLOYMENT_TARGET = 10.11;
				MTL_ENABLE_DEBUG_INFO = YES;
				ONLY_ACTIVE_ARCH = YES;
				SDKROOT = macosx;
			};
			name = Debug;
		};
		CE334A581D922582002D75C4 /* Release */ = {
			isa = XCBuildConfiguration;
			buildSettings = {
				ALWAYS_SEARCH_USER_PATHS = NO;
				CLANG_ANALYZER_NONNULL = YES;
				CLANG_CXX_LANGUAGE_STANDARD = "gnu++0x";
				CLANG_CXX_LIBRARY = "libc++";
				CLANG_ENABLE_MODULES = YES;
				CLANG_ENABLE_OBJC_ARC = YES;
				CLANG_WARN_BOOL_CONVERSION = YES;
				CLANG_WARN_CONSTANT_CONVERSION = YES;
				CLANG_WARN_DIRECT_OBJC_ISA_USAGE = YES_ERROR;
				CLANG_WARN_EMPTY_BODY = YES;
				CLANG_WARN_ENUM_CONVERSION = YES;
				CLANG_WARN_INT_CONVERSION = YES;
				CLANG_WARN_OBJC_ROOT_CLASS = YES_ERROR;
				CLANG_WARN_UNREACHABLE_CODE = YES;
				CLANG_WARN__DUPLICATE_METHOD_MATCH = YES;
				CODE_SIGN_IDENTITY = "-";
				COPY_PHASE_STRIP = NO;
				DEBUG_INFORMATION_FORMAT = "dwarf-with-dsym";
				ENABLE_NS_ASSERTIONS = NO;
				ENABLE_STRICT_OBJC_MSGSEND = YES;
				GCC_C_LANGUAGE_STANDARD = gnu99;
				GCC_NO_COMMON_BLOCKS = YES;
				GCC_WARN_64_TO_32_BIT_CONVERSION = YES;
				GCC_WARN_ABOUT_RETURN_TYPE = YES_ERROR;
				GCC_WARN_UNDECLARED_SELECTOR = YES;
				GCC_WARN_UNINITIALIZED_AUTOS = YES_AGGRESSIVE;
				GCC_WARN_UNUSED_FUNCTION = YES;
				GCC_WARN_UNUSED_VARIABLE = YES;
				MACOSX_DEPLOYMENT_TARGET = 10.11;
				MTL_ENABLE_DEBUG_INFO = NO;
				SDKROOT = macosx;
			};
			name = Release;
		};
		CE334A5A1D922582002D75C4 /* Debug */ = {
			isa = XCBuildConfiguration;
			buildSettings = {
				ASSETCATALOG_COMPILER_APPICON_NAME = AppIcon;
				COMBINE_HIDPI_IMAGES = YES;
				INFOPLIST_FILE = CollectionViewWithBinding/Info.plist;
				LD_RUNPATH_SEARCH_PATHS = "$(inherited) @executable_path/../Frameworks";
				PRODUCT_BUNDLE_IDENTIFIER = com.trendmicro.CollectionViewWithBinding;
				PRODUCT_NAME = "$(TARGET_NAME)";
			};
			name = Debug;
		};
		CE334A5B1D922582002D75C4 /* Release */ = {
			isa = XCBuildConfiguration;
			buildSettings = {
				ASSETCATALOG_COMPILER_APPICON_NAME = AppIcon;
				COMBINE_HIDPI_IMAGES = YES;
				INFOPLIST_FILE = CollectionViewWithBinding/Info.plist;
				LD_RUNPATH_SEARCH_PATHS = "$(inherited) @executable_path/../Frameworks";
				PRODUCT_BUNDLE_IDENTIFIER = com.trendmicro.CollectionViewWithBinding;
				PRODUCT_NAME = "$(TARGET_NAME)";
			};
			name = Release;
		};
		CE334A5D1D922582002D75C4 /* Debug */ = {
			isa = XCBuildConfiguration;
			buildSettings = {
				BUNDLE_LOADER = "$(TEST_HOST)";
				COMBINE_HIDPI_IMAGES = YES;
				INFOPLIST_FILE = CollectionViewWithBindingTests/Info.plist;
				LD_RUNPATH_SEARCH_PATHS = "$(inherited) @executable_path/../Frameworks @loader_path/../Frameworks";
				PRODUCT_BUNDLE_IDENTIFIER = com.trendmicro.CollectionViewWithBindingTests;
				PRODUCT_NAME = "$(TARGET_NAME)";
				TEST_HOST = "$(BUILT_PRODUCTS_DIR)/CollectionViewWithBinding.app/Contents/MacOS/CollectionViewWithBinding";
			};
			name = Debug;
		};
		CE334A5E1D922582002D75C4 /* Release */ = {
			isa = XCBuildConfiguration;
			buildSettings = {
				BUNDLE_LOADER = "$(TEST_HOST)";
				COMBINE_HIDPI_IMAGES = YES;
				INFOPLIST_FILE = CollectionViewWithBindingTests/Info.plist;
				LD_RUNPATH_SEARCH_PATHS = "$(inherited) @executable_path/../Frameworks @loader_path/../Frameworks";
				PRODUCT_BUNDLE_IDENTIFIER = com.trendmicro.CollectionViewWithBindingTests;
				PRODUCT_NAME = "$(TARGET_NAME)";
				TEST_HOST = "$(BUILT_PRODUCTS_DIR)/CollectionViewWithBinding.app/Contents/MacOS/CollectionViewWithBinding";
			};
			name = Release;
		};
		CE334A601D922582002D75C4 /* Debug */ = {
			isa = XCBuildConfiguration;
			buildSettings = {
				COMBINE_HIDPI_IMAGES = YES;
				INFOPLIST_FILE = CollectionViewWithBindingUITests/Info.plist;
				LD_RUNPATH_SEARCH_PATHS = "$(inherited) @executable_path/../Frameworks @loader_path/../Frameworks";
				PRODUCT_BUNDLE_IDENTIFIER = com.trendmicro.CollectionViewWithBindingUITests;
				PRODUCT_NAME = "$(TARGET_NAME)";
				TEST_TARGET_NAME = CollectionViewWithBinding;
			};
			name = Debug;
		};
		CE334A611D922582002D75C4 /* Release */ = {
			isa = XCBuildConfiguration;
			buildSettings = {
				COMBINE_HIDPI_IMAGES = YES;
				INFOPLIST_FILE = CollectionViewWithBindingUITests/Info.plist;
				LD_RUNPATH_SEARCH_PATHS = "$(inherited) @executable_path/../Frameworks @loader_path/../Frameworks";
				PRODUCT_BUNDLE_IDENTIFIER = com.trendmicro.CollectionViewWithBindingUITests;
				PRODUCT_NAME = "$(TARGET_NAME)";
				TEST_TARGET_NAME = CollectionViewWithBinding;
			};
			name = Release;
		};
/* End XCBuildConfiguration section */

/* Begin XCConfigurationList section */
		CE334A2D1D922582002D75C4 /* Build configuration list for PBXProject "CollectionViewWithBinding" */ = {
			isa = XCConfigurationList;
			buildConfigurations = (
				CE334A571D922582002D75C4 /* Debug */,
				CE334A581D922582002D75C4 /* Release */,
			);
			defaultConfigurationIsVisible = 0;
			defaultConfigurationName = Release;
		};
		CE334A591D922582002D75C4 /* Build configuration list for PBXNativeTarget "CollectionViewWithBinding" */ = {
			isa = XCConfigurationList;
			buildConfigurations = (
				CE334A5A1D922582002D75C4 /* Debug */,
				CE334A5B1D922582002D75C4 /* Release */,
			);
			defaultConfigurationIsVisible = 0;
		};
		CE334A5C1D922582002D75C4 /* Build configuration list for PBXNativeTarget "CollectionViewWithBindingTests" */ = {
			isa = XCConfigurationList;
			buildConfigurations = (
				CE334A5D1D922582002D75C4 /* Debug */,
				CE334A5E1D922582002D75C4 /* Release */,
			);
			defaultConfigurationIsVisible = 0;
		};
		CE334A5F1D922582002D75C4 /* Build configuration list for PBXNativeTarget "CollectionViewWithBindingUITests" */ = {
			isa = XCConfigurationList;
			buildConfigurations = (
				CE334A601D922582002D75C4 /* Debug */,
				CE334A611D922582002D75C4 /* Release */,
			);
			defaultConfigurationIsVisible = 0;
		};
/* End XCConfigurationList section */
	};
	rootObject = CE334A2A1D922582002D75C4 /* Project object */;
}
