// !$*UTF8*$!
{
	archiveVersion = 1;
	classes = {
	};
	objectVersion = 46;
	objects = {

/* Begin PBXBuildFile section */
		CEFEE8F61C881FAF00C61E92 /* AppDelegate.m in Sources */ = {isa = PBXBuildFile; fileRef = CEFEE8F51C881FAF00C61E92 /* AppDelegate.m */; };
		CEFEE8F91C881FAF00C61E92 /* main.m in Sources */ = {isa = PBXBuildFile; fileRef = CEFEE8F81C881FAF00C61E92 /* main.m */; };
		CEFEE8FB1C881FAF00C61E92 /* Assets.xcassets in Resources */ = {isa = PBXBuildFile; fileRef = CEFEE8FA1C881FAF00C61E92 /* Assets.xcassets */; };
		CEFEE8FE1C881FAF00C61E92 /* MainMenu.xib in Resources */ = {isa = PBXBuildFile; fileRef = CEFEE8FC1C881FAF00C61E92 /* MainMenu.xib */; };
/* End PBXBuildFile section */

/* Begin PBXFileReference section */
		CEFEE8F11C881FAF00C61E92 /* CellBaseTableView.app */ = {isa = PBXFileReference; explicitFileType = wrapper.application; includeInIndex = 0; path = CellBaseTableView.app; sourceTree = BUILT_PRODUCTS_DIR; };
		CEFEE8F41C881FAF00C61E92 /* AppDelegate.h */ = {isa = PBXFileReference; lastKnownFileType = sourcecode.c.h; path = AppDelegate.h; sourceTree = "<group>"; };
		CEFEE8F51C881FAF00C61E92 /* AppDelegate.m */ = {isa = PBXFileReference; lastKnownFileType = sourcecode.c.objc; path = AppDelegate.m; sourceTree = "<group>"; };
		CEFEE8F81C881FAF00C61E92 /* main.m */ = {isa = PBXFileReference; lastKnownFileType = sourcecode.c.objc; path = main.m; sourceTree = "<group>"; };
		CEFEE8FA1C881FAF00C61E92 /* Assets.xcassets */ = {isa = PBXFileReference; lastKnownFileType = folder.assetcatalog; path = Assets.xcassets; sourceTree = "<group>"; };
		CEFEE8FD1C881FAF00C61E92 /* Base */ = {isa = PBXFileReference; lastKnownFileType = file.xib; name = Base; path = Base.lproj/MainMenu.xib; sourceTree = "<group>"; };
		CEFEE8FF1C881FAF00C61E92 /* Info.plist */ = {isa = PBXFileReference; lastKnownFileType = text.plist.xml; path = Info.plist; sourceTree = "<group>"; };
/* End PBXFileReference section */

/* Begin PBXFrameworksBuildPhase section */
		CEFEE8EE1C881FAF00C61E92 /* Frameworks */ = {
			isa = PBXFrameworksBuildPhase;
			buildActionMask = 2147483647;
			files = (
			);
			runOnlyForDeploymentPostprocessing = 0;
		};
/* End PBXFrameworksBuildPhase section */

/* Begin PBXGroup section */
		CEFEE8E81C881FAF00C61E92 = {
			isa = PBXGroup;
			children = (
				CEFEE8F31C881FAF00C61E92 /* CellBaseTableView */,
				CEFEE8F21C881FAF00C61E92 /* Products */,
			);
			sourceTree = "<group>";
		};
		CEFEE8F21C881FAF00C61E92 /* Products */ = {
			isa = PBXGroup;
			children = (
				CEFEE8F11C881FAF00C61E92 /* CellBaseTableView.app */,
			);
			name = Products;
			sourceTree = "<group>";
		};
		CEFEE8F31C881FAF00C61E92 /* CellBaseTableView */ = {
			isa = PBXGroup;
			children = (
				CEFEE8F41C881FAF00C61E92 /* AppDelegate.h */,
				CEFEE8F51C881FAF00C61E92 /* AppDelegate.m */,
				CEFEE8FA1C881FAF00C61E92 /* Assets.xcassets */,
				CEFEE8FC1C881FAF00C61E92 /* MainMenu.xib */,
				CEFEE8FF1C881FAF00C61E92 /* Info.plist */,
				CEFEE8F71C881FAF00C61E92 /* Supporting Files */,
			);
			path = CellBaseTableView;
			sourceTree = "<group>";
		};
		CEFEE8F71C881FAF00C61E92 /* Supporting Files */ = {
			isa = PBXGroup;
			children = (
				CEFEE8F81C881FAF00C61E92 /* main.m */,
			);
			name = "Supporting Files";
			sourceTree = "<group>";
		};
/* End PBXGroup section */

/* Begin PBXNativeTarget section */
		CEFEE8F01C881FAF00C61E92 /* CellBaseTableView */ = {
			isa = PBXNativeTarget;
			buildConfigurationList = CEFEE9021C881FAF00C61E92 /* Build configuration list for PBXNativeTarget "CellBaseTableView" */;
			buildPhases = (
				CEFEE8ED1C881FAF00C61E92 /* Sources */,
				CEFEE8EE1C881FAF00C61E92 /* Frameworks */,
				CEFEE8EF1C881FAF00C61E92 /* Resources */,
			);
			buildRules = (
			);
			dependencies = (
			);
			name = CellBaseTableView;
			productName = CellBaseTableView;
			productReference = CEFEE8F11C881FAF00C61E92 /* CellBaseTableView.app */;
			productType = "com.apple.product-type.application";
		};
/* End PBXNativeTarget section */

/* Begin PBXProject section */
		CEFEE8E91C881FAF00C61E92 /* Project object */ = {
			isa = PBXProject;
			attributes = {
				LastUpgradeCheck = 0710;
				ORGANIZATIONNAME = user;
				TargetAttributes = {
					CEFEE8F01C881FAF00C61E92 = {
						CreatedOnToolsVersion = 7.1;
					};
				};
			};
			buildConfigurationList = CEFEE8EC1C881FAF00C61E92 /* Build configuration list for PBXProject "CellBaseTableView" */;
			compatibilityVersion = "Xcode 3.2";
			developmentRegion = English;
			hasScannedForEncodings = 0;
			knownRegions = (
				en,
				Base,
			);
			mainGroup = CEFEE8E81C881FAF00C61E92;
			productRefGroup = CEFEE8F21C881FAF00C61E92 /* Products */;
			projectDirPath = "";
			projectRoot = "";
			targets = (
				CEFEE8F01C881FAF00C61E92 /* CellBaseTableView */,
			);
		};
/* End PBXProject section */

/* Begin PBXResourcesBuildPhase section */
		CEFEE8EF1C881FAF00C61E92 /* Resources */ = {
			isa = PBXResourcesBuildPhase;
			buildActionMask = 2147483647;
			files = (
				CEFEE8FB1C881FAF00C61E92 /* Assets.xcassets in Resources */,
				CEFEE8FE1C881FAF00C61E92 /* MainMenu.xib in Resources */,
			);
			runOnlyForDeploymentPostprocessing = 0;
		};
/* End PBXResourcesBuildPhase section */

/* Begin PBXSourcesBuildPhase section */
		CEFEE8ED1C881FAF00C61E92 /* Sources */ = {
			isa = PBXSourcesBuildPhase;
			buildActionMask = 2147483647;
			files = (
				CEFEE8F91C881FAF00C61E92 /* main.m in Sources */,
				CEFEE8F61C881FAF00C61E92 /* AppDelegate.m in Sources */,
			);
			runOnlyForDeploymentPostprocessing = 0;
		};
/* End PBXSourcesBuildPhase section */

/* Begin PBXVariantGroup section */
		CEFEE8FC1C881FAF00C61E92 /* MainMenu.xib */ = {
			isa = PBXVariantGroup;
			children = (
				CEFEE8FD1C881FAF00C61E92 /* Base */,
			);
			name = MainMenu.xib;
			sourceTree = "<group>";
		};
/* End PBXVariantGroup section */

/* Begin XCBuildConfiguration section */
		CEFEE9001C881FAF00C61E92 /* Debug */ = {
			isa = XCBuildConfiguration;
			buildSettings = {
				ALWAYS_SEARCH_USER_PATHS = NO;
				CLANG_CXX_LANGUAGE_STANDARD = "gnu++0x";
				CLANG_CXX_LIBRARY = "libc++";
				CLANG_ENABLE_MODULES = YES;
				CLANG_ENABLE_OBJC_ARC = YES;
				CLANG_WARN_BOOL_CONVERSION = YES;
				CLANG_WARN_CONSTANT_CONVERSION = YES;
				CLANG_WARN_DIRECT_OBJC_ISA_USAGE = YES_ERROR;
				CLANG_WARN_EMPTY_BODY = YES;
				CLANG_WARN_ENUM_CONVERSION = YES;
				CLANG_WARN_INT_CONVERSION = YES;
				CLANG_WARN_OBJC_ROOT_CLASS = YES_ERROR;
				CLANG_WARN_UNREACHABLE_CODE = YES;
				CLANG_WARN__DUPLICATE_METHOD_MATCH = YES;
				CODE_SIGN_IDENTITY = "-";
				COPY_PHASE_STRIP = NO;
				DEBUG_INFORMATION_FORMAT = dwarf;
				ENABLE_STRICT_OBJC_MSGSEND = YES;
				ENABLE_TESTABILITY = YES;
				GCC_C_LANGUAGE_STANDARD = gnu99;
				GCC_DYNAMIC_NO_PIC = NO;
				GCC_NO_COMMON_BLOCKS = YES;
				GCC_OPTIMIZATION_LEVEL = 0;
				GCC_PREPROCESSOR_DEFINITIONS = (
					"DEBUG=1",
					"$(inherited)",
				);
				GCC_WARN_64_TO_32_BIT_CONVERSION = YES;
				GCC_WARN_ABOUT_RETURN_TYPE = YES_ERROR;
				GCC_WARN_UNDECLARED_SELECTOR = YES;
				GCC_WARN_UNINITIALIZED_AUTOS = YES_AGGRESSIVE;
				GCC_WARN_UNUSED_FUNCTION = YES;
				GCC_WARN_UNUSED_VARIABLE = YES;
				MACOSX_DEPLOYMENT_TARGET = 10.11;
				MTL_ENABLE_DEBUG_INFO = YES;
				ONLY_ACTIVE_ARCH = YES;
				SDKROOT = macosx;
			};
			name = Debug;
		};
		CEFEE9011C881FAF00C61E92 /* Release */ = {
			isa = XCBuildConfiguration;
			buildSettings = {
				ALWAYS_SEARCH_USER_PATHS = NO;
				CLANG_CXX_LANGUAGE_STANDARD = "gnu++0x";
				CLANG_CXX_LIBRARY = "libc++";
				CLANG_ENABLE_MODULES = YES;
				CLANG_ENABLE_OBJC_ARC = YES;
				CLANG_WARN_BOOL_CONVERSION = YES;
				CLANG_WARN_CONSTANT_CONVERSION = YES;
				CLANG_WARN_DIRECT_OBJC_ISA_USAGE = YES_ERROR;
				CLANG_WARN_EMPTY_BODY = YES;
				CLANG_WARN_ENUM_CONVERSION = YES;
				CLANG_WARN_INT_CONVERSION = YES;
				CLANG_WARN_OBJC_ROOT_CLASS = YES_ERROR;
				CLANG_WARN_UNREACHABLE_CODE = YES;
				CLANG_WARN__DUPLICATE_METHOD_MATCH = YES;
				CODE_SIGN_IDENTITY = "-";
				COPY_PHASE_STRIP = NO;
				DEBUG_INFORMATION_FORMAT = "dwarf-with-dsym";
				ENABLE_NS_ASSERTIONS = NO;
				ENABLE_STRICT_OBJC_MSGSEND = YES;
				GCC_C_LANGUAGE_STANDARD = gnu99;
				GCC_NO_COMMON_BLOCKS = YES;
				GCC_WARN_64_TO_32_BIT_CONVERSION = YES;
				GCC_WARN_ABOUT_RETURN_TYPE = YES_ERROR;
				GCC_WARN_UNDECLARED_SELECTOR = YES;
				GCC_WARN_UNINITIALIZED_AUTOS = YES_AGGRESSIVE;
				GCC_WARN_UNUSED_FUNCTION = YES;
				GCC_WARN_UNUSED_VARIABLE = YES;
				MACOSX_DEPLOYMENT_TARGET = 10.11;
				MTL_ENABLE_DEBUG_INFO = NO;
				SDKROOT = macosx;
			};
			name = Release;
		};
		CEFEE9031C881FAF00C61E92 /* Debug */ = {
			isa = XCBuildConfiguration;
			buildSettings = {
				ASSETCATALOG_COMPILER_APPICON_NAME = AppIcon;
				COMBINE_HIDPI_IMAGES = YES;
				INFOPLIST_FILE = CellBaseTableView/Info.plist;
				LD_RUNPATH_SEARCH_PATHS = "$(inherited) @executable_path/../Frameworks";
				PRODUCT_BUNDLE_IDENTIFIER = a.CellBaseTableView;
				PRODUCT_NAME = "$(TARGET_NAME)";
			};
			name = Debug;
		};
		CEFEE9041C881FAF00C61E92 /* Release */ = {
			isa = XCBuildConfiguration;
			buildSettings = {
				ASSETCATALOG_COMPILER_APPICON_NAME = AppIcon;
				COMBINE_HIDPI_IMAGES = YES;
				INFOPLIST_FILE = CellBaseTableView/Info.plist;
				LD_RUNPATH_SEARCH_PATHS = "$(inherited) @executable_path/../Frameworks";
				PRODUCT_BUNDLE_IDENTIFIER = a.CellBaseTableView;
				PRODUCT_NAME = "$(TARGET_NAME)";
			};
			name = Release;
		};
/* End XCBuildConfiguration section */

/* Begin XCConfigurationList section */
		CEFEE8EC1C881FAF00C61E92 /* Build configuration list for PBXProject "CellBaseTableView" */ = {
			isa = XCConfigurationList;
			buildConfigurations = (
				CEFEE9001C881FAF00C61E92 /* Debug */,
				CEFEE9011C881FAF00C61E92 /* Release */,
			);
			defaultConfigurationIsVisible = 0;
			defaultConfigurationName = Release;
		};
		CEFEE9021C881FAF00C61E92 /* Build configuration list for PBXNativeTarget "CellBaseTableView" */ = {
			isa = XCConfigurationList;
			buildConfigurations = (
				CEFEE9031C881FAF00C61E92 /* Debug */,
				CEFEE9041C881FAF00C61E92 /* Release */,
			);
			defaultConfigurationIsVisible = 0;
		};
/* End XCConfigurationList section */
	};
	rootObject = CEFEE8E91C881FAF00C61E92 /* Project object */;
}
